<?xml version="1.0" encoding="utf-8"?>
<Project ToolsVersion="4.0" xmlns="http://schemas.microsoft.com/developer/msbuild/2003">
  <ItemGroup>
    <Filter Include="Source Files">
      <UniqueIdentifier>{4FC737F1-C7A5-4376-A066-2A32D752A2FF}</UniqueIdentifier>
      <Extensions>cpp;c;cc;cxx;def;odl;idl;hpj;bat;asm;asmx</Extensions>
    </Filter>
    <Filter Include="Header Files">
      <UniqueIdentifier>{93995380-89BD-4b04-88EB-625FBE52EBFB}</UniqueIdentifier>
      <Extensions>h;hpp;hxx;hm;inl;inc;xsd</Extensions>
    </Filter>
    <Filter Include="Resource Files">
      <UniqueIdentifier>{67DA6AB6-F800-4c08-8B7A-83BB121AAD01}</UniqueIdentifier>
      <Extensions>rc;ico;cur;bmp;dlg;rc2;rct;bin;rgs;gif;jpg;jpeg;jpe;resx;tiff;tif;png;wav</Extensions>
    </Filter>
  </ItemGroup>
  <ItemGroup>
    <ClCompile Include="base\BasicFile.cpp">
      <Filter>Source Files</Filter>
    </ClCompile>
    <ClCompile Include="dllmain.cpp">
      <Filter>Source Files</Filter>
    </ClCompile>
    <ClCompile Include="big1\HW1BigFile.cpp">
      <Filter>Source Files</Filter>
    </ClCompile>
    <ClCompile Include="big1\HW1Decomp.cpp">
      <Filter>Source Files</Filter>
    </ClCompile>
    <ClCompile Include="big2\HW2BigFile.cpp">
      <Filter>Source Files</Filter>
    </ClCompile>
    <ClCompile Include="base\HWAbstractFile.cpp">
      <Filter>Source Files</Filter>
    </ClCompile>
    <ClCompile Include="base\HWClassFactory.cpp">
      <Filter>Source Files</Filter>
    </ClCompile>
    <ClCompile Include="sga\md5.c">
      <Filter>Source Files</Filter>
    </ClCompile>
    <ClCompile Include="relic.cpp">
      <Filter>Source Files</Filter>
    </ClCompile>
    <ClCompile Include="sga\SgaFile.cpp">
      <Filter>Source Files</Filter>
    </ClCompile>
    <ClCompile Include="stdafx.cpp">
      <Filter>Source Files</Filter>
    </ClCompile>
  </ItemGroup>
  <ItemGroup>
    <None Include="relic.def">
      <Filter>Source Files</Filter>
    </None>
  </ItemGroup>
  <ItemGroup>
    <ClInclude Include="base\BasicFile.h">
      <Filter>Header Files</Filter>
    </ClInclude>
    <ClInclude Include="big1\HW1BigFile.h">
      <Filter>Header Files</Filter>
    </ClInclude>
    <ClInclude Include="big1\HW1Decomp.h">
      <Filter>Header Files</Filter>
    </ClInclude>
    <ClInclude Include="big2\HW2BigFile.h">
      <Filter>Header Files</Filter>
    </ClInclude>
    <ClInclude Include="big2\HW2Structs.h">
      <Filter>Header Files</Filter>
    </ClInclude>
    <ClInclude Include="base\HWAbstractFile.h">
      <Filter>Header Files</Filter>
    </ClInclude>
    <ClInclude Include="base\HWClassFactory.h">
      <Filter>Header Files</Filter>
    </ClInclude>
    <ClInclude Include="sga\md5.h">
      <Filter>Header Files</Filter>
    </ClInclude>
    <ClInclude Include="sga\SgaFile.h">
      <Filter>Header Files</Filter>
    </ClInclude>
    <ClInclude Include="sga\SgaStructs.h">
      <Filter>Header Files</Filter>
    </ClInclude>
    <ClInclude Include="stdafx.h">
      <Filter>Header Files</Filter>
    </ClInclude>
  </ItemGroup>
</Project>