<?xml version="1.0" encoding="utf-8"?>
<Project ToolsVersion="4.0" xmlns="http://schemas.microsoft.com/developer/msbuild/2003">
  <ItemGroup>
    <Filter Include="Source Files">
      <UniqueIdentifier>{4FC737F1-C7A5-4376-A066-2A32D752A2FF}</UniqueIdentifier>
      <Extensions>cpp;c;cc;cxx;def;odl;idl;hpj;bat;asm;asmx</Extensions>
    </Filter>
    <Filter Include="Header Files">
      <UniqueIdentifier>{93995380-89BD-4b04-88EB-625FBE52EBFB}</UniqueIdentifier>
      <Extensions>h;hpp;hxx;hm;inl;inc;xsd</Extensions>
    </Filter>
    <Filter Include="Resource Files">
      <UniqueIdentifier>{67DA6AB6-F800-4c08-8B7A-83BB121AAD01}</UniqueIdentifier>
      <Extensions>rc;ico;cur;bmp;dlg;rc2;rct;bin;rgs;gif;jpg;jpeg;jpe;resx;tiff;tif;png;wav</Extensions>
    </Filter>
    <Filter Include="Source Files\lzma">
      <UniqueIdentifier>{46a8eb0c-5d97-4c60-83ac-d15d4c59afa4}</UniqueIdentifier>
    </Filter>
  </ItemGroup>
  <ItemGroup>
    <ClCompile Include="dllmain.cpp">
      <Filter>Source Files</Filter>
    </ClCompile>
    <ClCompile Include="stdafx.cpp">
      <Filter>Source Files</Filter>
    </ClCompile>
    <ClCompile Include="sfact.cpp">
      <Filter>Source Files</Filter>
    </ClCompile>
    <ClCompile Include="SfFile.cpp">
      <Filter>Source Files</Filter>
    </ClCompile>
    <ClCompile Include="SetupFactory56.cpp">
      <Filter>Source Files</Filter>
    </ClCompile>
    <ClCompile Include="Decomp.cpp">
      <Filter>Source Files</Filter>
    </ClCompile>
    <ClCompile Include="..\..\depends\blast\blast.c">
      <Filter>Source Files</Filter>
    </ClCompile>
    <ClCompile Include="SetupFactory8.cpp">
      <Filter>Source Files</Filter>
    </ClCompile>
    <ClCompile Include="SetupFactory7.cpp">
      <Filter>Source Files</Filter>
    </ClCompile>
    <ClCompile Include="..\..\depends\7zip\C\Alloc.c">
      <Filter>Source Files\lzma</Filter>
    </ClCompile>
    <ClCompile Include="..\..\depends\7zip\C\Lzma2Dec.c">
      <Filter>Source Files\lzma</Filter>
    </ClCompile>
    <ClCompile Include="..\..\depends\7zip\C\LzmaDec.c">
      <Filter>Source Files\lzma</Filter>
    </ClCompile>
  </ItemGroup>
  <ItemGroup>
    <None Include="sfact.def">
      <Filter>Source Files</Filter>
    </None>
  </ItemGroup>
  <ItemGroup>
    <ClInclude Include="stdafx.h">
      <Filter>Header Files</Filter>
    </ClInclude>
    <ClInclude Include="SfFile.h">
      <Filter>Header Files</Filter>
    </ClInclude>
    <ClInclude Include="SetupFactory56.h">
      <Filter>Header Files</Filter>
    </ClInclude>
    <ClInclude Include="Decomp.h">
      <Filter>Header Files</Filter>
    </ClInclude>
    <ClInclude Include="..\..\depends\blast\blast.h">
      <Filter>Header Files</Filter>
    </ClInclude>
    <ClInclude Include="SetupFactory8.h">
      <Filter>Header Files</Filter>
    </ClInclude>
    <ClInclude Include="SetupFactory7.h">
      <Filter>Header Files</Filter>
    </ClInclude>
  </ItemGroup>
</Project>