
Microsoft Visual Studio Solution File, Format Version 11.00
# Visual Studio 2010
Project("{8BC9CEB8-8B4A-11D0-8D11-00A0C91BC942}") = "Observer", "plugin\Observer.vcxproj", "{90D22C76-F23A-45E6-94D6-49817CBA1447}"
EndProject
Project("{8BC9CEB8-8B4A-11D0-8D11-00A0C91BC942}") = "msi", "modules\msi\msi.vcxproj", "{3937AB54-7C07-4279-BE26-58425236EB48}"
EndProject
Project("{8BC9CEB8-8B4A-11D0-8D11-00A0C91BC942}") = "isoimg", "modules\isoimg\isoimg.vcxproj", "{F9EF9CC9-0329-4259-81B4-6D2C53F5EF0D}"
EndProject
Project("{8BC9CEB8-8B4A-11D0-8D11-00A0C91BC942}") = "udfimg", "modules\udfimg\udfimg.vcxproj", "{96527F42-7B17-4CA2-AC00-979E2226DB2A}"
EndProject
Project("{8BC9CEB8-8B4A-11D0-8D11-00A0C91BC942}") = "nsis", "modules\nsis\nsis.vcxproj", "{F17F7FAA-E693-4EF7-98FF-F1E674A25F89}"
EndProject
Project("{8BC9CEB8-8B4A-11D0-8D11-00A0C91BC942}") = "vp", "modules\vp\vp.vcxproj", "{41C7BE9F-2CF1-4212-A82D-4296A1A7B3DB}"
EndProject
Project("{8BC9CEB8-8B4A-11D0-8D11-00A0C91BC942}") = "x23cat", "modules\x23cat\x23cat.vcxproj", "{9C0CA064-296B-42B7-909A-F8E2806A93A0}"
EndProject
Project("{8BC9CEB8-8B4A-11D0-8D11-00A0C91BC942}") = "mpq", "modules\mpq\mpq.vcxproj", "{AB8168E2-2568-4046-BC2B-1001AF4AF78F}"
EndProject
Project("{8BC9CEB8-8B4A-11D0-8D11-00A0C91BC942}") = "wise", "modules\wise\wise.vcxproj", "{FBD3F0D6-F516-436C-990A-9125D49D71C5}"
EndProject
Project("{8BC9CEB8-8B4A-11D0-8D11-00A0C91BC942}") = "vise", "modules\vise\vise.vcxproj", "{582D8EBB-0A8B-41C9-A9D2-F90D7591E2EA}"
EndProject
Project("{8BC9CEB8-8B4A-11D0-8D11-00A0C91BC942}") = "mime", "modules\mime\mime.vcxproj", "{AD3FC3DA-8CDB-42D6-97FB-F99D5B073D52}"
EndProject
Project("{8BC9CEB8-8B4A-11D0-8D11-00A0C91BC942}") = "pst", "modules\pst\pst.vcxproj", "{8080F13B-9628-4106-8A08-6DCEE05B3EC2}"
EndProject
Project("{8BC9CEB8-8B4A-11D0-8D11-00A0C91BC942}") = "zlib1", "depends\zlib\zlib1.vcxproj", "{C50A5BD9-34C8-4050-AD28-784AEC221B1E}"
EndProject
Project("{8BC9CEB8-8B4A-11D0-8D11-00A0C91BC942}") = "relic", "modules\relic\relic.vcxproj", "{EA198D3B-AC42-4AB0-BE17-0F0BB94CA785}"
EndProject
Project("{8BC9CEB8-8B4A-11D0-8D11-00A0C91BC942}") = "libbz2", "depends\bzip2\libbz2.vcxproj", "{D4D55D0B-1CC0-4838-A68F-39B486F1122C}"
EndProject
Project("{8BC9CEB8-8B4A-11D0-8D11-00A0C91BC942}") = "mbox", "modules\mbox\mbox.vcxproj", "{2FB0643D-DF6C-42F3-A2E9-EC2BE240FEC0}"
EndProject
Project("{8BC9CEB8-8B4A-11D0-8D11-00A0C91BC942}") = "vdisk", "modules\vdisk\vdisk.vcxproj", "{03F029A2-9B80-44FA-94B8-62C21A7C2BE5}"
EndProject
Project("{8BC9CEB8-8B4A-11D0-8D11-00A0C91BC942}") = "valve", "modules\valve\valve.vcxproj", "{3BEAA8E4-28FA-44F7-8F8B-23A916D7D3E2}"
EndProject
Project("{8BC9CEB8-8B4A-11D0-8D11-00A0C91BC942}") = "gmime", "depends\gmime\gmime.vcxproj", "{4E67EBA5-E9FA-425A-AC99-B744F879F042}"
EndProject
Project("{8BC9CEB8-8B4A-11D0-8D11-00A0C91BC942}") = "glib", "depends\glib\glib.vcxproj", "{213E1C4D-556C-4D1F-AFA2-1938042920F0}"
EndProject
Project("{8BC9CEB8-8B4A-11D0-8D11-00A0C91BC942}") = "gobject", "depends\glib\gobject.vcxproj", "{AD0C1EE1-93C7-460C-8E59-7E8CD0815811}"
EndProject
Project("{8BC9CEB8-8B4A-11D0-8D11-00A0C91BC942}") = "pdb", "modules\pdb\pdb.vcxproj", "{555114AC-E256-45EC-AC1C-1FA4F182DD40}"
EndProject
Global
	GlobalSection(SolutionConfigurationPlatforms) = preSolution
		Debug|Win32 = Debug|Win32
		Debug|x64 = Debug|x64
		Debug-Unicode|Win32 = Debug-Unicode|Win32
		Debug-Unicode|x64 = Debug-Unicode|x64
		Debug-Unicode-3|Win32 = Debug-Unicode-3|Win32
		Debug-Unicode-3|x64 = Debug-Unicode-3|x64
		Release|Win32 = Release|Win32
		Release|x64 = Release|x64
		Release-Unicode|Win32 = Release-Unicode|Win32
		Release-Unicode|x64 = Release-Unicode|x64
		Release-Unicode-3|Win32 = Release-Unicode-3|Win32
		Release-Unicode-3|x64 = Release-Unicode-3|x64
	EndGlobalSection
	GlobalSection(ProjectConfigurationPlatforms) = postSolution
		{90D22C76-F23A-45E6-94D6-49817CBA1447}.Debug|Win32.ActiveCfg = Debug|Win32
		{90D22C76-F23A-45E6-94D6-49817CBA1447}.Debug|Win32.Build.0 = Debug|Win32
		{90D22C76-F23A-45E6-94D6-49817CBA1447}.Debug|x64.ActiveCfg = Debug|x64
		{90D22C76-F23A-45E6-94D6-49817CBA1447}.Debug|x64.Build.0 = Debug|x64
		{90D22C76-F23A-45E6-94D6-49817CBA1447}.Debug-Unicode|Win32.ActiveCfg = Debug-Unicode|Win32
		{90D22C76-F23A-45E6-94D6-49817CBA1447}.Debug-Unicode|Win32.Build.0 = Debug-Unicode|Win32
		{90D22C76-F23A-45E6-94D6-49817CBA1447}.Debug-Unicode|x64.ActiveCfg = Debug-Unicode|x64
		{90D22C76-F23A-45E6-94D6-49817CBA1447}.Debug-Unicode|x64.Build.0 = Debug-Unicode|x64
		{90D22C76-F23A-45E6-94D6-49817CBA1447}.Debug-Unicode-3|Win32.ActiveCfg = Debug-Unicode-3|Win32
		{90D22C76-F23A-45E6-94D6-49817CBA1447}.Debug-Unicode-3|Win32.Build.0 = Debug-Unicode-3|Win32
		{90D22C76-F23A-45E6-94D6-49817CBA1447}.Debug-Unicode-3|x64.ActiveCfg = Debug-Unicode-3|x64
		{90D22C76-F23A-45E6-94D6-49817CBA1447}.Debug-Unicode-3|x64.Build.0 = Debug-Unicode-3|x64
		{90D22C76-F23A-45E6-94D6-49817CBA1447}.Release|Win32.ActiveCfg = Release|Win32
		{90D22C76-F23A-45E6-94D6-49817CBA1447}.Release|Win32.Build.0 = Release|Win32
		{90D22C76-F23A-45E6-94D6-49817CBA1447}.Release|x64.ActiveCfg = Release|x64
		{90D22C76-F23A-45E6-94D6-49817CBA1447}.Release|x64.Build.0 = Release|x64
		{90D22C76-F23A-45E6-94D6-49817CBA1447}.Release-Unicode|Win32.ActiveCfg = Release-Unicode|Win32
		{90D22C76-F23A-45E6-94D6-49817CBA1447}.Release-Unicode|Win32.Build.0 = Release-Unicode|Win32
		{90D22C76-F23A-45E6-94D6-49817CBA1447}.Release-Unicode|x64.ActiveCfg = Release-Unicode|x64
		{90D22C76-F23A-45E6-94D6-49817CBA1447}.Release-Unicode|x64.Build.0 = Release-Unicode|x64
		{90D22C76-F23A-45E6-94D6-49817CBA1447}.Release-Unicode-3|Win32.ActiveCfg = Release-Unicode-3|Win32
		{90D22C76-F23A-45E6-94D6-49817CBA1447}.Release-Unicode-3|Win32.Build.0 = Release-Unicode-3|Win32
		{90D22C76-F23A-45E6-94D6-49817CBA1447}.Release-Unicode-3|x64.ActiveCfg = Release-Unicode-3|x64
		{90D22C76-F23A-45E6-94D6-49817CBA1447}.Release-Unicode-3|x64.Build.0 = Release-Unicode-3|x64
		{3937AB54-7C07-4279-BE26-58425236EB48}.Debug|Win32.ActiveCfg = Debug|Win32
		{3937AB54-7C07-4279-BE26-58425236EB48}.Debug|Win32.Build.0 = Debug|Win32
		{3937AB54-7C07-4279-BE26-58425236EB48}.Debug|x64.ActiveCfg = Debug|x64
		{3937AB54-7C07-4279-BE26-58425236EB48}.Debug|x64.Build.0 = Debug|x64
		{3937AB54-7C07-4279-BE26-58425236EB48}.Debug-Unicode|Win32.ActiveCfg = Debug-Unicode|Win32
		{3937AB54-7C07-4279-BE26-58425236EB48}.Debug-Unicode|Win32.Build.0 = Debug-Unicode|Win32
		{3937AB54-7C07-4279-BE26-58425236EB48}.Debug-Unicode|x64.ActiveCfg = Debug-Unicode|x64
		{3937AB54-7C07-4279-BE26-58425236EB48}.Debug-Unicode|x64.Build.0 = Debug-Unicode|x64
		{3937AB54-7C07-4279-BE26-58425236EB48}.Debug-Unicode-3|Win32.ActiveCfg = Debug-Unicode-3|Win32
		{3937AB54-7C07-4279-BE26-58425236EB48}.Debug-Unicode-3|Win32.Build.0 = Debug-Unicode-3|Win32
		{3937AB54-7C07-4279-BE26-58425236EB48}.Debug-Unicode-3|x64.ActiveCfg = Debug-Unicode-3|x64
		{3937AB54-7C07-4279-BE26-58425236EB48}.Debug-Unicode-3|x64.Build.0 = Debug-Unicode-3|x64
		{3937AB54-7C07-4279-BE26-58425236EB48}.Release|Win32.ActiveCfg = Release|Win32
		{3937AB54-7C07-4279-BE26-58425236EB48}.Release|Win32.Build.0 = Release|Win32
		{3937AB54-7C07-4279-BE26-58425236EB48}.Release|x64.ActiveCfg = Release|x64
		{3937AB54-7C07-4279-BE26-58425236EB48}.Release|x64.Build.0 = Release|x64
		{3937AB54-7C07-4279-BE26-58425236EB48}.Release-Unicode|Win32.ActiveCfg = Release-Unicode|Win32
		{3937AB54-7C07-4279-BE26-58425236EB48}.Release-Unicode|Win32.Build.0 = Release-Unicode|Win32
		{3937AB54-7C07-4279-BE26-58425236EB48}.Release-Unicode|x64.ActiveCfg = Release-Unicode|x64
		{3937AB54-7C07-4279-BE26-58425236EB48}.Release-Unicode|x64.Build.0 = Release-Unicode|x64
		{3937AB54-7C07-4279-BE26-58425236EB48}.Release-Unicode-3|Win32.ActiveCfg = Release-Unicode-3|Win32
		{3937AB54-7C07-4279-BE26-58425236EB48}.Release-Unicode-3|Win32.Build.0 = Release-Unicode-3|Win32
		{3937AB54-7C07-4279-BE26-58425236EB48}.Release-Unicode-3|x64.ActiveCfg = Release-Unicode-3|x64
		{3937AB54-7C07-4279-BE26-58425236EB48}.Release-Unicode-3|x64.Build.0 = Release-Unicode-3|x64
		{F9EF9CC9-0329-4259-81B4-6D2C53F5EF0D}.Debug|Win32.ActiveCfg = Debug|Win32
		{F9EF9CC9-0329-4259-81B4-6D2C53F5EF0D}.Debug|Win32.Build.0 = Debug|Win32
		{F9EF9CC9-0329-4259-81B4-6D2C53F5EF0D}.Debug|x64.ActiveCfg = Debug|x64
		{F9EF9CC9-0329-4259-81B4-6D2C53F5EF0D}.Debug|x64.Build.0 = Debug|x64
		{F9EF9CC9-0329-4259-81B4-6D2C53F5EF0D}.Debug-Unicode|Win32.ActiveCfg = Debug-Unicode|Win32
		{F9EF9CC9-0329-4259-81B4-6D2C53F5EF0D}.Debug-Unicode|Win32.Build.0 = Debug-Unicode|Win32
		{F9EF9CC9-0329-4259-81B4-6D2C53F5EF0D}.Debug-Unicode|x64.ActiveCfg = Debug-Unicode|x64
		{F9EF9CC9-0329-4259-81B4-6D2C53F5EF0D}.Debug-Unicode|x64.Build.0 = Debug-Unicode|x64
		{F9EF9CC9-0329-4259-81B4-6D2C53F5EF0D}.Debug-Unicode-3|Win32.ActiveCfg = Debug-Unicode-3|Win32
		{F9EF9CC9-0329-4259-81B4-6D2C53F5EF0D}.Debug-Unicode-3|Win32.Build.0 = Debug-Unicode-3|Win32
		{F9EF9CC9-0329-4259-81B4-6D2C53F5EF0D}.Debug-Unicode-3|x64.ActiveCfg = Debug-Unicode-3|x64
		{F9EF9CC9-0329-4259-81B4-6D2C53F5EF0D}.Debug-Unicode-3|x64.Build.0 = Debug-Unicode-3|x64
		{F9EF9CC9-0329-4259-81B4-6D2C53F5EF0D}.Release|Win32.ActiveCfg = Release|Win32
		{F9EF9CC9-0329-4259-81B4-6D2C53F5EF0D}.Release|Win32.Build.0 = Release|Win32
		{F9EF9CC9-0329-4259-81B4-6D2C53F5EF0D}.Release|x64.ActiveCfg = Release|x64
		{F9EF9CC9-0329-4259-81B4-6D2C53F5EF0D}.Release|x64.Build.0 = Release|x64
		{F9EF9CC9-0329-4259-81B4-6D2C53F5EF0D}.Release-Unicode|Win32.ActiveCfg = Release-Unicode|Win32
		{F9EF9CC9-0329-4259-81B4-6D2C53F5EF0D}.Release-Unicode|Win32.Build.0 = Release-Unicode|Win32
		{F9EF9CC9-0329-4259-81B4-6D2C53F5EF0D}.Release-Unicode|x64.ActiveCfg = Release-Unicode|x64
		{F9EF9CC9-0329-4259-81B4-6D2C53F5EF0D}.Release-Unicode|x64.Build.0 = Release-Unicode|x64
		{F9EF9CC9-0329-4259-81B4-6D2C53F5EF0D}.Release-Unicode-3|Win32.ActiveCfg = Release-Unicode-3|Win32
		{F9EF9CC9-0329-4259-81B4-6D2C53F5EF0D}.Release-Unicode-3|Win32.Build.0 = Release-Unicode-3|Win32
		{F9EF9CC9-0329-4259-81B4-6D2C53F5EF0D}.Release-Unicode-3|x64.ActiveCfg = Release-Unicode-3|x64
		{F9EF9CC9-0329-4259-81B4-6D2C53F5EF0D}.Release-Unicode-3|x64.Build.0 = Release-Unicode-3|x64
		{96527F42-7B17-4CA2-AC00-979E2226DB2A}.Debug|Win32.ActiveCfg = Debug|Win32
		{96527F42-7B17-4CA2-AC00-979E2226DB2A}.Debug|Win32.Build.0 = Debug|Win32
		{96527F42-7B17-4CA2-AC00-979E2226DB2A}.Debug|x64.ActiveCfg = Debug|x64
		{96527F42-7B17-4CA2-AC00-979E2226DB2A}.Debug|x64.Build.0 = Debug|x64
		{96527F42-7B17-4CA2-AC00-979E2226DB2A}.Debug-Unicode|Win32.ActiveCfg = Debug-Unicode|Win32
		{96527F42-7B17-4CA2-AC00-979E2226DB2A}.Debug-Unicode|Win32.Build.0 = Debug-Unicode|Win32
		{96527F42-7B17-4CA2-AC00-979E2226DB2A}.Debug-Unicode|x64.ActiveCfg = Debug-Unicode|x64
		{96527F42-7B17-4CA2-AC00-979E2226DB2A}.Debug-Unicode|x64.Build.0 = Debug-Unicode|x64
		{96527F42-7B17-4CA2-AC00-979E2226DB2A}.Debug-Unicode-3|Win32.ActiveCfg = Debug-Unicode-3|Win32
		{96527F42-7B17-4CA2-AC00-979E2226DB2A}.Debug-Unicode-3|Win32.Build.0 = Debug-Unicode-3|Win32
		{96527F42-7B17-4CA2-AC00-979E2226DB2A}.Debug-Unicode-3|x64.ActiveCfg = Debug-Unicode-3|x64
		{96527F42-7B17-4CA2-AC00-979E2226DB2A}.Debug-Unicode-3|x64.Build.0 = Debug-Unicode-3|x64
		{96527F42-7B17-4CA2-AC00-979E2226DB2A}.Release|Win32.ActiveCfg = Release|Win32
		{96527F42-7B17-4CA2-AC00-979E2226DB2A}.Release|Win32.Build.0 = Release|Win32
		{96527F42-7B17-4CA2-AC00-979E2226DB2A}.Release|x64.ActiveCfg = Release|x64
		{96527F42-7B17-4CA2-AC00-979E2226DB2A}.Release|x64.Build.0 = Release|x64
		{96527F42-7B17-4CA2-AC00-979E2226DB2A}.Release-Unicode|Win32.ActiveCfg = Release-Unicode|Win32
		{96527F42-7B17-4CA2-AC00-979E2226DB2A}.Release-Unicode|Win32.Build.0 = Release-Unicode|Win32
		{96527F42-7B17-4CA2-AC00-979E2226DB2A}.Release-Unicode|x64.ActiveCfg = Release-Unicode|x64
		{96527F42-7B17-4CA2-AC00-979E2226DB2A}.Release-Unicode|x64.Build.0 = Release-Unicode|x64
		{96527F42-7B17-4CA2-AC00-979E2226DB2A}.Release-Unicode-3|Win32.ActiveCfg = Release-Unicode-3|Win32
		{96527F42-7B17-4CA2-AC00-979E2226DB2A}.Release-Unicode-3|Win32.Build.0 = Release-Unicode-3|Win32
		{96527F42-7B17-4CA2-AC00-979E2226DB2A}.Release-Unicode-3|x64.ActiveCfg = Release-Unicode-3|x64
		{96527F42-7B17-4CA2-AC00-979E2226DB2A}.Release-Unicode-3|x64.Build.0 = Release-Unicode-3|x64
		{F17F7FAA-E693-4EF7-98FF-F1E674A25F89}.Debug|Win32.ActiveCfg = Debug|Win32
		{F17F7FAA-E693-4EF7-98FF-F1E674A25F89}.Debug|Win32.Build.0 = Debug|Win32
		{F17F7FAA-E693-4EF7-98FF-F1E674A25F89}.Debug|x64.ActiveCfg = Debug|x64
		{F17F7FAA-E693-4EF7-98FF-F1E674A25F89}.Debug|x64.Build.0 = Debug|x64
		{F17F7FAA-E693-4EF7-98FF-F1E674A25F89}.Debug-Unicode|Win32.ActiveCfg = Debug-Unicode|Win32
		{F17F7FAA-E693-4EF7-98FF-F1E674A25F89}.Debug-Unicode|Win32.Build.0 = Debug-Unicode|Win32
		{F17F7FAA-E693-4EF7-98FF-F1E674A25F89}.Debug-Unicode|x64.ActiveCfg = Debug-Unicode|x64
		{F17F7FAA-E693-4EF7-98FF-F1E674A25F89}.Debug-Unicode|x64.Build.0 = Debug-Unicode|x64
		{F17F7FAA-E693-4EF7-98FF-F1E674A25F89}.Debug-Unicode-3|Win32.ActiveCfg = Debug-Unicode-3|Win32
		{F17F7FAA-E693-4EF7-98FF-F1E674A25F89}.Debug-Unicode-3|Win32.Build.0 = Debug-Unicode-3|Win32
		{F17F7FAA-E693-4EF7-98FF-F1E674A25F89}.Debug-Unicode-3|x64.ActiveCfg = Debug-Unicode-3|x64
		{F17F7FAA-E693-4EF7-98FF-F1E674A25F89}.Debug-Unicode-3|x64.Build.0 = Debug-Unicode-3|x64
		{F17F7FAA-E693-4EF7-98FF-F1E674A25F89}.Release|Win32.ActiveCfg = Release|Win32
		{F17F7FAA-E693-4EF7-98FF-F1E674A25F89}.Release|Win32.Build.0 = Release|Win32
		{F17F7FAA-E693-4EF7-98FF-F1E674A25F89}.Release|x64.ActiveCfg = Release|x64
		{F17F7FAA-E693-4EF7-98FF-F1E674A25F89}.Release|x64.Build.0 = Release|x64
		{F17F7FAA-E693-4EF7-98FF-F1E674A25F89}.Release-Unicode|Win32.ActiveCfg = Release-Unicode|Win32
		{F17F7FAA-E693-4EF7-98FF-F1E674A25F89}.Release-Unicode|Win32.Build.0 = Release-Unicode|Win32
		{F17F7FAA-E693-4EF7-98FF-F1E674A25F89}.Release-Unicode|x64.ActiveCfg = Release-Unicode|x64
		{F17F7FAA-E693-4EF7-98FF-F1E674A25F89}.Release-Unicode|x64.Build.0 = Release-Unicode|x64
		{F17F7FAA-E693-4EF7-98FF-F1E674A25F89}.Release-Unicode-3|Win32.ActiveCfg = Release-Unicode-3|Win32
		{F17F7FAA-E693-4EF7-98FF-F1E674A25F89}.Release-Unicode-3|Win32.Build.0 = Release-Unicode-3|Win32
		{F17F7FAA-E693-4EF7-98FF-F1E674A25F89}.Release-Unicode-3|x64.ActiveCfg = Release-Unicode-3|x64
		{F17F7FAA-E693-4EF7-98FF-F1E674A25F89}.Release-Unicode-3|x64.Build.0 = Release-Unicode-3|x64
		{41C7BE9F-2CF1-4212-A82D-4296A1A7B3DB}.Debug|Win32.ActiveCfg = Debug|Win32
		{41C7BE9F-2CF1-4212-A82D-4296A1A7B3DB}.Debug|Win32.Build.0 = Debug|Win32
		{41C7BE9F-2CF1-4212-A82D-4296A1A7B3DB}.Debug|x64.ActiveCfg = Debug|x64
		{41C7BE9F-2CF1-4212-A82D-4296A1A7B3DB}.Debug|x64.Build.0 = Debug|x64
		{41C7BE9F-2CF1-4212-A82D-4296A1A7B3DB}.Debug-Unicode|Win32.ActiveCfg = Debug-Unicode|Win32
		{41C7BE9F-2CF1-4212-A82D-4296A1A7B3DB}.Debug-Unicode|Win32.Build.0 = Debug-Unicode|Win32
		{41C7BE9F-2CF1-4212-A82D-4296A1A7B3DB}.Debug-Unicode|x64.ActiveCfg = Debug-Unicode|x64
		{41C7BE9F-2CF1-4212-A82D-4296A1A7B3DB}.Debug-Unicode|x64.Build.0 = Debug-Unicode|x64
		{41C7BE9F-2CF1-4212-A82D-4296A1A7B3DB}.Debug-Unicode-3|Win32.ActiveCfg = Debug-Unicode-3|Win32
		{41C7BE9F-2CF1-4212-A82D-4296A1A7B3DB}.Debug-Unicode-3|Win32.Build.0 = Debug-Unicode-3|Win32
		{41C7BE9F-2CF1-4212-A82D-4296A1A7B3DB}.Debug-Unicode-3|x64.ActiveCfg = Debug-Unicode-3|x64
		{41C7BE9F-2CF1-4212-A82D-4296A1A7B3DB}.Debug-Unicode-3|x64.Build.0 = Debug-Unicode-3|x64
		{41C7BE9F-2CF1-4212-A82D-4296A1A7B3DB}.Release|Win32.ActiveCfg = Release|Win32
		{41C7BE9F-2CF1-4212-A82D-4296A1A7B3DB}.Release|Win32.Build.0 = Release|Win32
		{41C7BE9F-2CF1-4212-A82D-4296A1A7B3DB}.Release|x64.ActiveCfg = Release|x64
		{41C7BE9F-2CF1-4212-A82D-4296A1A7B3DB}.Release|x64.Build.0 = Release|x64
		{41C7BE9F-2CF1-4212-A82D-4296A1A7B3DB}.Release-Unicode|Win32.ActiveCfg = Release-Unicode|Win32
		{41C7BE9F-2CF1-4212-A82D-4296A1A7B3DB}.Release-Unicode|Win32.Build.0 = Release-Unicode|Win32
		{41C7BE9F-2CF1-4212-A82D-4296A1A7B3DB}.Release-Unicode|x64.ActiveCfg = Release-Unicode|x64
		{41C7BE9F-2CF1-4212-A82D-4296A1A7B3DB}.Release-Unicode|x64.Build.0 = Release-Unicode|x64
		{41C7BE9F-2CF1-4212-A82D-4296A1A7B3DB}.Release-Unicode-3|Win32.ActiveCfg = Release-Unicode-3|Win32
		{41C7BE9F-2CF1-4212-A82D-4296A1A7B3DB}.Release-Unicode-3|Win32.Build.0 = Release-Unicode-3|Win32
		{41C7BE9F-2CF1-4212-A82D-4296A1A7B3DB}.Release-Unicode-3|x64.ActiveCfg = Release-Unicode-3|x64
		{41C7BE9F-2CF1-4212-A82D-4296A1A7B3DB}.Release-Unicode-3|x64.Build.0 = Release-Unicode-3|x64
		{9C0CA064-296B-42B7-909A-F8E2806A93A0}.Debug|Win32.ActiveCfg = Debug|Win32
		{9C0CA064-296B-42B7-909A-F8E2806A93A0}.Debug|Win32.Build.0 = Debug|Win32
		{9C0CA064-296B-42B7-909A-F8E2806A93A0}.Debug|x64.ActiveCfg = Debug|x64
		{9C0CA064-296B-42B7-909A-F8E2806A93A0}.Debug|x64.Build.0 = Debug|x64
		{9C0CA064-296B-42B7-909A-F8E2806A93A0}.Debug-Unicode|Win32.ActiveCfg = Debug-Unicode|Win32
		{9C0CA064-296B-42B7-909A-F8E2806A93A0}.Debug-Unicode|Win32.Build.0 = Debug-Unicode|Win32
		{9C0CA064-296B-42B7-909A-F8E2806A93A0}.Debug-Unicode|x64.ActiveCfg = Debug-Unicode|x64
		{9C0CA064-296B-42B7-909A-F8E2806A93A0}.Debug-Unicode|x64.Build.0 = Debug-Unicode|x64
		{9C0CA064-296B-42B7-909A-F8E2806A93A0}.Debug-Unicode-3|Win32.ActiveCfg = Debug-Unicode-3|Win32
		{9C0CA064-296B-42B7-909A-F8E2806A93A0}.Debug-Unicode-3|Win32.Build.0 = Debug-Unicode-3|Win32
		{9C0CA064-296B-42B7-909A-F8E2806A93A0}.Debug-Unicode-3|x64.ActiveCfg = Debug-Unicode-3|x64
		{9C0CA064-296B-42B7-909A-F8E2806A93A0}.Debug-Unicode-3|x64.Build.0 = Debug-Unicode-3|x64
		{9C0CA064-296B-42B7-909A-F8E2806A93A0}.Release|Win32.ActiveCfg = Release|Win32
		{9C0CA064-296B-42B7-909A-F8E2806A93A0}.Release|Win32.Build.0 = Release|Win32
		{9C0CA064-296B-42B7-909A-F8E2806A93A0}.Release|x64.ActiveCfg = Release|x64
		{9C0CA064-296B-42B7-909A-F8E2806A93A0}.Release|x64.Build.0 = Release|x64
		{9C0CA064-296B-42B7-909A-F8E2806A93A0}.Release-Unicode|Win32.ActiveCfg = Release-Unicode|Win32
		{9C0CA064-296B-42B7-909A-F8E2806A93A0}.Release-Unicode|Win32.Build.0 = Release-Unicode|Win32
		{9C0CA064-296B-42B7-909A-F8E2806A93A0}.Release-Unicode|x64.ActiveCfg = Release-Unicode|x64
		{9C0CA064-296B-42B7-909A-F8E2806A93A0}.Release-Unicode|x64.Build.0 = Release-Unicode|x64
		{9C0CA064-296B-42B7-909A-F8E2806A93A0}.Release-Unicode-3|Win32.ActiveCfg = Release-Unicode-3|Win32
		{9C0CA064-296B-42B7-909A-F8E2806A93A0}.Release-Unicode-3|Win32.Build.0 = Release-Unicode-3|Win32
		{9C0CA064-296B-42B7-909A-F8E2806A93A0}.Release-Unicode-3|x64.ActiveCfg = Release-Unicode-3|x64
		{9C0CA064-296B-42B7-909A-F8E2806A93A0}.Release-Unicode-3|x64.Build.0 = Release-Unicode-3|x64
		{AB8168E2-2568-4046-BC2B-1001AF4AF78F}.Debug|Win32.ActiveCfg = Debug|Win32
		{AB8168E2-2568-4046-BC2B-1001AF4AF78F}.Debug|Win32.Build.0 = Debug|Win32
		{AB8168E2-2568-4046-BC2B-1001AF4AF78F}.Debug|x64.ActiveCfg = Debug|x64
		{AB8168E2-2568-4046-BC2B-1001AF4AF78F}.Debug|x64.Build.0 = Debug|x64
		{AB8168E2-2568-4046-BC2B-1001AF4AF78F}.Debug-Unicode|Win32.ActiveCfg = Debug-Unicode|Win32
		{AB8168E2-2568-4046-BC2B-1001AF4AF78F}.Debug-Unicode|Win32.Build.0 = Debug-Unicode|Win32
		{AB8168E2-2568-4046-BC2B-1001AF4AF78F}.Debug-Unicode|x64.ActiveCfg = Debug-Unicode|x64
		{AB8168E2-2568-4046-BC2B-1001AF4AF78F}.Debug-Unicode|x64.Build.0 = Debug-Unicode|x64
		{AB8168E2-2568-4046-BC2B-1001AF4AF78F}.Debug-Unicode-3|Win32.ActiveCfg = Debug-Unicode-3|Win32
		{AB8168E2-2568-4046-BC2B-1001AF4AF78F}.Debug-Unicode-3|Win32.Build.0 = Debug-Unicode-3|Win32
		{AB8168E2-2568-4046-BC2B-1001AF4AF78F}.Debug-Unicode-3|x64.ActiveCfg = Debug-Unicode-3|x64
		{AB8168E2-2568-4046-BC2B-1001AF4AF78F}.Debug-Unicode-3|x64.Build.0 = Debug-Unicode-3|x64
		{AB8168E2-2568-4046-BC2B-1001AF4AF78F}.Release|Win32.ActiveCfg = Release|Win32
		{AB8168E2-2568-4046-BC2B-1001AF4AF78F}.Release|Win32.Build.0 = Release|Win32
		{AB8168E2-2568-4046-BC2B-1001AF4AF78F}.Release|x64.ActiveCfg = Release|x64
		{AB8168E2-2568-4046-BC2B-1001AF4AF78F}.Release|x64.Build.0 = Release|x64
		{AB8168E2-2568-4046-BC2B-1001AF4AF78F}.Release-Unicode|Win32.ActiveCfg = Release-Unicode|Win32
		{AB8168E2-2568-4046-BC2B-1001AF4AF78F}.Release-Unicode|Win32.Build.0 = Release-Unicode|Win32
		{AB8168E2-2568-4046-BC2B-1001AF4AF78F}.Release-Unicode|x64.ActiveCfg = Release-Unicode|x64
		{AB8168E2-2568-4046-BC2B-1001AF4AF78F}.Release-Unicode|x64.Build.0 = Release-Unicode|x64
		{AB8168E2-2568-4046-BC2B-1001AF4AF78F}.Release-Unicode-3|Win32.ActiveCfg = Release-Unicode-3|Win32
		{AB8168E2-2568-4046-BC2B-1001AF4AF78F}.Release-Unicode-3|Win32.Build.0 = Release-Unicode-3|Win32
		{AB8168E2-2568-4046-BC2B-1001AF4AF78F}.Release-Unicode-3|x64.ActiveCfg = Release-Unicode-3|x64
		{AB8168E2-2568-4046-BC2B-1001AF4AF78F}.Release-Unicode-3|x64.Build.0 = Release-Unicode-3|x64
		{FBD3F0D6-F516-436C-990A-9125D49D71C5}.Debug|Win32.ActiveCfg = Debug|Win32
		{FBD3F0D6-F516-436C-990A-9125D49D71C5}.Debug|Win32.Build.0 = Debug|Win32
		{FBD3F0D6-F516-436C-990A-9125D49D71C5}.Debug|x64.ActiveCfg = Debug|x64
		{FBD3F0D6-F516-436C-990A-9125D49D71C5}.Debug|x64.Build.0 = Debug|x64
		{FBD3F0D6-F516-436C-990A-9125D49D71C5}.Debug-Unicode|Win32.ActiveCfg = Debug-Unicode|Win32
		{FBD3F0D6-F516-436C-990A-9125D49D71C5}.Debug-Unicode|Win32.Build.0 = Debug-Unicode|Win32
		{FBD3F0D6-F516-436C-990A-9125D49D71C5}.Debug-Unicode|x64.ActiveCfg = Debug-Unicode|x64
		{FBD3F0D6-F516-436C-990A-9125D49D71C5}.Debug-Unicode|x64.Build.0 = Debug-Unicode|x64
		{FBD3F0D6-F516-436C-990A-9125D49D71C5}.Debug-Unicode-3|Win32.ActiveCfg = Debug-Unicode-3|Win32
		{FBD3F0D6-F516-436C-990A-9125D49D71C5}.Debug-Unicode-3|Win32.Build.0 = Debug-Unicode-3|Win32
		{FBD3F0D6-F516-436C-990A-9125D49D71C5}.Debug-Unicode-3|x64.ActiveCfg = Debug-Unicode-3|x64
		{FBD3F0D6-F516-436C-990A-9125D49D71C5}.Debug-Unicode-3|x64.Build.0 = Debug-Unicode-3|x64
		{FBD3F0D6-F516-436C-990A-9125D49D71C5}.Release|Win32.ActiveCfg = Release|Win32
		{FBD3F0D6-F516-436C-990A-9125D49D71C5}.Release|Win32.Build.0 = Release|Win32
		{FBD3F0D6-F516-436C-990A-9125D49D71C5}.Release|x64.ActiveCfg = Release|x64
		{FBD3F0D6-F516-436C-990A-9125D49D71C5}.Release|x64.Build.0 = Release|x64
		{FBD3F0D6-F516-436C-990A-9125D49D71C5}.Release-Unicode|Win32.ActiveCfg = Release-Unicode|Win32
		{FBD3F0D6-F516-436C-990A-9125D49D71C5}.Release-Unicode|Win32.Build.0 = Release-Unicode|Win32
		{FBD3F0D6-F516-436C-990A-9125D49D71C5}.Release-Unicode|x64.ActiveCfg = Release-Unicode|x64
		{FBD3F0D6-F516-436C-990A-9125D49D71C5}.Release-Unicode|x64.Build.0 = Release-Unicode|x64
		{FBD3F0D6-F516-436C-990A-9125D49D71C5}.Release-Unicode-3|Win32.ActiveCfg = Release-Unicode-3|Win32
		{FBD3F0D6-F516-436C-990A-9125D49D71C5}.Release-Unicode-3|Win32.Build.0 = Release-Unicode-3|Win32
		{FBD3F0D6-F516-436C-990A-9125D49D71C5}.Release-Unicode-3|x64.ActiveCfg = Release-Unicode-3|x64
		{FBD3F0D6-F516-436C-990A-9125D49D71C5}.Release-Unicode-3|x64.Build.0 = Release-Unicode-3|x64
		{582D8EBB-0A8B-41C9-A9D2-F90D7591E2EA}.Debug|Win32.ActiveCfg = Debug|Win32
		{582D8EBB-0A8B-41C9-A9D2-F90D7591E2EA}.Debug|Win32.Build.0 = Debug|Win32
		{582D8EBB-0A8B-41C9-A9D2-F90D7591E2EA}.Debug|x64.ActiveCfg = Debug|x64
		{582D8EBB-0A8B-41C9-A9D2-F90D7591E2EA}.Debug|x64.Build.0 = Debug|x64
		{582D8EBB-0A8B-41C9-A9D2-F90D7591E2EA}.Debug-Unicode|Win32.ActiveCfg = Debug-Unicode|Win32
		{582D8EBB-0A8B-41C9-A9D2-F90D7591E2EA}.Debug-Unicode|Win32.Build.0 = Debug-Unicode|Win32
		{582D8EBB-0A8B-41C9-A9D2-F90D7591E2EA}.Debug-Unicode|x64.ActiveCfg = Debug-Unicode|x64
		{582D8EBB-0A8B-41C9-A9D2-F90D7591E2EA}.Debug-Unicode|x64.Build.0 = Debug-Unicode|x64
		{582D8EBB-0A8B-41C9-A9D2-F90D7591E2EA}.Debug-Unicode-3|Win32.ActiveCfg = Debug-Unicode-3|Win32
		{582D8EBB-0A8B-41C9-A9D2-F90D7591E2EA}.Debug-Unicode-3|Win32.Build.0 = Debug-Unicode-3|Win32
		{582D8EBB-0A8B-41C9-A9D2-F90D7591E2EA}.Debug-Unicode-3|x64.ActiveCfg = Debug-Unicode-3|x64
		{582D8EBB-0A8B-41C9-A9D2-F90D7591E2EA}.Debug-Unicode-3|x64.Build.0 = Debug-Unicode-3|x64
		{582D8EBB-0A8B-41C9-A9D2-F90D7591E2EA}.Release|Win32.ActiveCfg = Release|Win32
		{582D8EBB-0A8B-41C9-A9D2-F90D7591E2EA}.Release|x64.ActiveCfg = Release|x64
		{582D8EBB-0A8B-41C9-A9D2-F90D7591E2EA}.Release|x64.Build.0 = Release|x64
		{582D8EBB-0A8B-41C9-A9D2-F90D7591E2EA}.Release-Unicode|Win32.ActiveCfg = Release-Unicode|Win32
		{582D8EBB-0A8B-41C9-A9D2-F90D7591E2EA}.Release-Unicode|x64.ActiveCfg = Release-Unicode|x64
		{582D8EBB-0A8B-41C9-A9D2-F90D7591E2EA}.Release-Unicode-3|Win32.ActiveCfg = Release-Unicode-3|Win32
		{582D8EBB-0A8B-41C9-A9D2-F90D7591E2EA}.Release-Unicode-3|x64.ActiveCfg = Release-Unicode-3|x64
		{AD3FC3DA-8CDB-42D6-97FB-F99D5B073D52}.Debug|Win32.ActiveCfg = Debug|Win32
		{AD3FC3DA-8CDB-42D6-97FB-F99D5B073D52}.Debug|Win32.Build.0 = Debug|Win32
		{AD3FC3DA-8CDB-42D6-97FB-F99D5B073D52}.Debug|x64.ActiveCfg = Debug|x64
		{AD3FC3DA-8CDB-42D6-97FB-F99D5B073D52}.Debug|x64.Build.0 = Debug|x64
		{AD3FC3DA-8CDB-42D6-97FB-F99D5B073D52}.Debug-Unicode|Win32.ActiveCfg = Debug-Unicode|Win32
		{AD3FC3DA-8CDB-42D6-97FB-F99D5B073D52}.Debug-Unicode|Win32.Build.0 = Debug-Unicode|Win32
		{AD3FC3DA-8CDB-42D6-97FB-F99D5B073D52}.Debug-Unicode|x64.ActiveCfg = Debug-Unicode|x64
		{AD3FC3DA-8CDB-42D6-97FB-F99D5B073D52}.Debug-Unicode|x64.Build.0 = Debug-Unicode|x64
		{AD3FC3DA-8CDB-42D6-97FB-F99D5B073D52}.Debug-Unicode-3|Win32.ActiveCfg = Debug-Unicode-3|Win32
		{AD3FC3DA-8CDB-42D6-97FB-F99D5B073D52}.Debug-Unicode-3|Win32.Build.0 = Debug-Unicode-3|Win32
		{AD3FC3DA-8CDB-42D6-97FB-F99D5B073D52}.Debug-Unicode-3|x64.ActiveCfg = Debug-Unicode-3|x64
		{AD3FC3DA-8CDB-42D6-97FB-F99D5B073D52}.Debug-Unicode-3|x64.Build.0 = Debug-Unicode-3|x64
		{AD3FC3DA-8CDB-42D6-97FB-F99D5B073D52}.Release|Win32.ActiveCfg = Release|Win32
		{AD3FC3DA-8CDB-42D6-97FB-F99D5B073D52}.Release|Win32.Build.0 = Release|Win32
		{AD3FC3DA-8CDB-42D6-97FB-F99D5B073D52}.Release|x64.ActiveCfg = Release|x64
		{AD3FC3DA-8CDB-42D6-97FB-F99D5B073D52}.Release|x64.Build.0 = Release|x64
		{AD3FC3DA-8CDB-42D6-97FB-F99D5B073D52}.Release-Unicode|Win32.ActiveCfg = Release-Unicode|Win32
		{AD3FC3DA-8CDB-42D6-97FB-F99D5B073D52}.Release-Unicode|Win32.Build.0 = Release-Unicode|Win32
		{AD3FC3DA-8CDB-42D6-97FB-F99D5B073D52}.Release-Unicode|x64.ActiveCfg = Release-Unicode|x64
		{AD3FC3DA-8CDB-42D6-97FB-F99D5B073D52}.Release-Unicode|x64.Build.0 = Release-Unicode|x64
		{AD3FC3DA-8CDB-42D6-97FB-F99D5B073D52}.Release-Unicode-3|Win32.ActiveCfg = Release-Unicode-3|Win32
		{AD3FC3DA-8CDB-42D6-97FB-F99D5B073D52}.Release-Unicode-3|Win32.Build.0 = Release-Unicode-3|Win32
		{AD3FC3DA-8CDB-42D6-97FB-F99D5B073D52}.Release-Unicode-3|x64.ActiveCfg = Release-Unicode-3|x64
		{AD3FC3DA-8CDB-42D6-97FB-F99D5B073D52}.Release-Unicode-3|x64.Build.0 = Release-Unicode-3|x64
		{8080F13B-9628-4106-8A08-6DCEE05B3EC2}.Debug|Win32.ActiveCfg = Debug|Win32
		{8080F13B-9628-4106-8A08-6DCEE05B3EC2}.Debug|Win32.Build.0 = Debug|Win32
		{8080F13B-9628-4106-8A08-6DCEE05B3EC2}.Debug|x64.ActiveCfg = Debug|x64
		{8080F13B-9628-4106-8A08-6DCEE05B3EC2}.Debug|x64.Build.0 = Debug|x64
		{8080F13B-9628-4106-8A08-6DCEE05B3EC2}.Debug-Unicode|Win32.ActiveCfg = Debug-Unicode|Win32
		{8080F13B-9628-4106-8A08-6DCEE05B3EC2}.Debug-Unicode|Win32.Build.0 = Debug-Unicode|Win32
		{8080F13B-9628-4106-8A08-6DCEE05B3EC2}.Debug-Unicode|x64.ActiveCfg = Debug-Unicode|x64
		{8080F13B-9628-4106-8A08-6DCEE05B3EC2}.Debug-Unicode|x64.Build.0 = Debug-Unicode|x64
		{8080F13B-9628-4106-8A08-6DCEE05B3EC2}.Debug-Unicode-3|Win32.ActiveCfg = Debug-Unicode-3|Win32
		{8080F13B-9628-4106-8A08-6DCEE05B3EC2}.Debug-Unicode-3|Win32.Build.0 = Debug-Unicode-3|Win32
		{8080F13B-9628-4106-8A08-6DCEE05B3EC2}.Debug-Unicode-3|x64.ActiveCfg = Debug-Unicode-3|x64
		{8080F13B-9628-4106-8A08-6DCEE05B3EC2}.Debug-Unicode-3|x64.Build.0 = Debug-Unicode-3|x64
		{8080F13B-9628-4106-8A08-6DCEE05B3EC2}.Release|Win32.ActiveCfg = Release|Win32
		{8080F13B-9628-4106-8A08-6DCEE05B3EC2}.Release|Win32.Build.0 = Release|Win32
		{8080F13B-9628-4106-8A08-6DCEE05B3EC2}.Release|x64.ActiveCfg = Release|x64
		{8080F13B-9628-4106-8A08-6DCEE05B3EC2}.Release|x64.Build.0 = Release|x64
		{8080F13B-9628-4106-8A08-6DCEE05B3EC2}.Release-Unicode|Win32.ActiveCfg = Release-Unicode|Win32
		{8080F13B-9628-4106-8A08-6DCEE05B3EC2}.Release-Unicode|Win32.Build.0 = Release-Unicode|Win32
		{8080F13B-9628-4106-8A08-6DCEE05B3EC2}.Release-Unicode|x64.ActiveCfg = Release-Unicode|x64
		{8080F13B-9628-4106-8A08-6DCEE05B3EC2}.Release-Unicode|x64.Build.0 = Release-Unicode|x64
		{8080F13B-9628-4106-8A08-6DCEE05B3EC2}.Release-Unicode-3|Win32.ActiveCfg = Release-Unicode-3|Win32
		{8080F13B-9628-4106-8A08-6DCEE05B3EC2}.Release-Unicode-3|Win32.Build.0 = Release-Unicode-3|Win32
		{8080F13B-9628-4106-8A08-6DCEE05B3EC2}.Release-Unicode-3|x64.ActiveCfg = Release-Unicode-3|x64
		{8080F13B-9628-4106-8A08-6DCEE05B3EC2}.Release-Unicode-3|x64.Build.0 = Release-Unicode-3|x64
		{C50A5BD9-34C8-4050-AD28-784AEC221B1E}.Debug|Win32.ActiveCfg = Debug|Win32
		{C50A5BD9-34C8-4050-AD28-784AEC221B1E}.Debug|Win32.Build.0 = Debug|Win32
		{C50A5BD9-34C8-4050-AD28-784AEC221B1E}.Debug|x64.ActiveCfg = Debug|x64
		{C50A5BD9-34C8-4050-AD28-784AEC221B1E}.Debug|x64.Build.0 = Debug|x64
		{C50A5BD9-34C8-4050-AD28-784AEC221B1E}.Debug-Unicode|Win32.ActiveCfg = Debug-Unicode|Win32
		{C50A5BD9-34C8-4050-AD28-784AEC221B1E}.Debug-Unicode|Win32.Build.0 = Debug-Unicode|Win32
		{C50A5BD9-34C8-4050-AD28-784AEC221B1E}.Debug-Unicode|x64.ActiveCfg = Debug-Unicode|x64
		{C50A5BD9-34C8-4050-AD28-784AEC221B1E}.Debug-Unicode|x64.Build.0 = Debug-Unicode|x64
		{C50A5BD9-34C8-4050-AD28-784AEC221B1E}.Debug-Unicode-3|Win32.ActiveCfg = Debug-Unicode-3|Win32
		{C50A5BD9-34C8-4050-AD28-784AEC221B1E}.Debug-Unicode-3|Win32.Build.0 = Debug-Unicode-3|Win32
		{C50A5BD9-34C8-4050-AD28-784AEC221B1E}.Debug-Unicode-3|x64.ActiveCfg = Debug-Unicode-3|x64
		{C50A5BD9-34C8-4050-AD28-784AEC221B1E}.Debug-Unicode-3|x64.Build.0 = Debug-Unicode-3|x64
		{C50A5BD9-34C8-4050-AD28-784AEC221B1E}.Release|Win32.ActiveCfg = Release|Win32
		{C50A5BD9-34C8-4050-AD28-784AEC221B1E}.Release|Win32.Build.0 = Release|Win32
		{C50A5BD9-34C8-4050-AD28-784AEC221B1E}.Release|x64.ActiveCfg = Release|x64
		{C50A5BD9-34C8-4050-AD28-784AEC221B1E}.Release|x64.Build.0 = Release|x64
		{C50A5BD9-34C8-4050-AD28-784AEC221B1E}.Release-Unicode|Win32.ActiveCfg = Release-Unicode|Win32
		{C50A5BD9-34C8-4050-AD28-784AEC221B1E}.Release-Unicode|Win32.Build.0 = Release-Unicode|Win32
		{C50A5BD9-34C8-4050-AD28-784AEC221B1E}.Release-Unicode|x64.ActiveCfg = Release-Unicode|x64
		{C50A5BD9-34C8-4050-AD28-784AEC221B1E}.Release-Unicode|x64.Build.0 = Release-Unicode|x64
		{C50A5BD9-34C8-4050-AD28-784AEC221B1E}.Release-Unicode-3|Win32.ActiveCfg = Release-Unicode-3|Win32
		{C50A5BD9-34C8-4050-AD28-784AEC221B1E}.Release-Unicode-3|Win32.Build.0 = Release-Unicode-3|Win32
		{C50A5BD9-34C8-4050-AD28-784AEC221B1E}.Release-Unicode-3|x64.ActiveCfg = Release-Unicode-3|x64
		{C50A5BD9-34C8-4050-AD28-784AEC221B1E}.Release-Unicode-3|x64.Build.0 = Release-Unicode-3|x64
		{EA198D3B-AC42-4AB0-BE17-0F0BB94CA785}.Debug|Win32.ActiveCfg = Debug|Win32
		{EA198D3B-AC42-4AB0-BE17-0F0BB94CA785}.Debug|Win32.Build.0 = Debug|Win32
		{EA198D3B-AC42-4AB0-BE17-0F0BB94CA785}.Debug|x64.ActiveCfg = Debug|x64
		{EA198D3B-AC42-4AB0-BE17-0F0BB94CA785}.Debug|x64.Build.0 = Debug|x64
		{EA198D3B-AC42-4AB0-BE17-0F0BB94CA785}.Debug-Unicode|Win32.ActiveCfg = Debug-Unicode|Win32
		{EA198D3B-AC42-4AB0-BE17-0F0BB94CA785}.Debug-Unicode|Win32.Build.0 = Debug-Unicode|Win32
		{EA198D3B-AC42-4AB0-BE17-0F0BB94CA785}.Debug-Unicode|x64.ActiveCfg = Debug-Unicode|x64
		{EA198D3B-AC42-4AB0-BE17-0F0BB94CA785}.Debug-Unicode|x64.Build.0 = Debug-Unicode|x64
		{EA198D3B-AC42-4AB0-BE17-0F0BB94CA785}.Debug-Unicode-3|Win32.ActiveCfg = Debug-Unicode-3|Win32
		{EA198D3B-AC42-4AB0-BE17-0F0BB94CA785}.Debug-Unicode-3|Win32.Build.0 = Debug-Unicode-3|Win32
		{EA198D3B-AC42-4AB0-BE17-0F0BB94CA785}.Debug-Unicode-3|x64.ActiveCfg = Debug-Unicode-3|x64
		{EA198D3B-AC42-4AB0-BE17-0F0BB94CA785}.Debug-Unicode-3|x64.Build.0 = Debug-Unicode-3|x64
		{EA198D3B-AC42-4AB0-BE17-0F0BB94CA785}.Release|Win32.ActiveCfg = Release|Win32
		{EA198D3B-AC42-4AB0-BE17-0F0BB94CA785}.Release|Win32.Build.0 = Release|Win32
		{EA198D3B-AC42-4AB0-BE17-0F0BB94CA785}.Release|x64.ActiveCfg = Release|x64
		{EA198D3B-AC42-4AB0-BE17-0F0BB94CA785}.Release|x64.Build.0 = Release|x64
		{EA198D3B-AC42-4AB0-BE17-0F0BB94CA785}.Release-Unicode|Win32.ActiveCfg = Release-Unicode|Win32
		{EA198D3B-AC42-4AB0-BE17-0F0BB94CA785}.Release-Unicode|Win32.Build.0 = Release-Unicode|Win32
		{EA198D3B-AC42-4AB0-BE17-0F0BB94CA785}.Release-Unicode|x64.ActiveCfg = Release-Unicode|x64
		{EA198D3B-AC42-4AB0-BE17-0F0BB94CA785}.Release-Unicode|x64.Build.0 = Release-Unicode|x64
		{EA198D3B-AC42-4AB0-BE17-0F0BB94CA785}.Release-Unicode-3|Win32.ActiveCfg = Release-Unicode-3|Win32
		{EA198D3B-AC42-4AB0-BE17-0F0BB94CA785}.Release-Unicode-3|Win32.Build.0 = Release-Unicode-3|Win32
		{EA198D3B-AC42-4AB0-BE17-0F0BB94CA785}.Release-Unicode-3|x64.ActiveCfg = Release-Unicode-3|x64
		{EA198D3B-AC42-4AB0-BE17-0F0BB94CA785}.Release-Unicode-3|x64.Build.0 = Release-Unicode-3|x64
		{D4D55D0B-1CC0-4838-A68F-39B486F1122C}.Debug|Win32.ActiveCfg = Debug|Win32
		{D4D55D0B-1CC0-4838-A68F-39B486F1122C}.Debug|Win32.Build.0 = Debug|Win32
		{D4D55D0B-1CC0-4838-A68F-39B486F1122C}.Debug|x64.ActiveCfg = Debug|x64
		{D4D55D0B-1CC0-4838-A68F-39B486F1122C}.Debug|x64.Build.0 = Debug|x64
		{D4D55D0B-1CC0-4838-A68F-39B486F1122C}.Debug-Unicode|Win32.ActiveCfg = Debug-Unicode|Win32
		{D4D55D0B-1CC0-4838-A68F-39B486F1122C}.Debug-Unicode|Win32.Build.0 = Debug-Unicode|Win32
		{D4D55D0B-1CC0-4838-A68F-39B486F1122C}.Debug-Unicode|x64.ActiveCfg = Debug-Unicode|x64
		{D4D55D0B-1CC0-4838-A68F-39B486F1122C}.Debug-Unicode|x64.Build.0 = Debug-Unicode|x64
		{D4D55D0B-1CC0-4838-A68F-39B486F1122C}.Debug-Unicode-3|Win32.ActiveCfg = Debug-Unicode-3|Win32
		{D4D55D0B-1CC0-4838-A68F-39B486F1122C}.Debug-Unicode-3|Win32.Build.0 = Debug-Unicode-3|Win32
		{D4D55D0B-1CC0-4838-A68F-39B486F1122C}.Debug-Unicode-3|x64.ActiveCfg = Debug-Unicode-3|x64
		{D4D55D0B-1CC0-4838-A68F-39B486F1122C}.Debug-Unicode-3|x64.Build.0 = Debug-Unicode-3|x64
		{D4D55D0B-1CC0-4838-A68F-39B486F1122C}.Release|Win32.ActiveCfg = Release|Win32
		{D4D55D0B-1CC0-4838-A68F-39B486F1122C}.Release|Win32.Build.0 = Release|Win32
		{D4D55D0B-1CC0-4838-A68F-39B486F1122C}.Release|x64.ActiveCfg = Release|x64
		{D4D55D0B-1CC0-4838-A68F-39B486F1122C}.Release|x64.Build.0 = Release|x64
		{D4D55D0B-1CC0-4838-A68F-39B486F1122C}.Release-Unicode|Win32.ActiveCfg = Release-Unicode|Win32
		{D4D55D0B-1CC0-4838-A68F-39B486F1122C}.Release-Unicode|Win32.Build.0 = Release-Unicode|Win32
		{D4D55D0B-1CC0-4838-A68F-39B486F1122C}.Release-Unicode|x64.ActiveCfg = Release-Unicode|x64
		{D4D55D0B-1CC0-4838-A68F-39B486F1122C}.Release-Unicode|x64.Build.0 = Release-Unicode|x64
		{D4D55D0B-1CC0-4838-A68F-39B486F1122C}.Release-Unicode-3|Win32.ActiveCfg = Release-Unicode-3|Win32
		{D4D55D0B-1CC0-4838-A68F-39B486F1122C}.Release-Unicode-3|Win32.Build.0 = Release-Unicode-3|Win32
		{D4D55D0B-1CC0-4838-A68F-39B486F1122C}.Release-Unicode-3|x64.ActiveCfg = Release-Unicode-3|x64
		{D4D55D0B-1CC0-4838-A68F-39B486F1122C}.Release-Unicode-3|x64.Build.0 = Release-Unicode-3|x64
		{2FB0643D-DF6C-42F3-A2E9-EC2BE240FEC0}.Debug|Win32.ActiveCfg = Debug|Win32
		{2FB0643D-DF6C-42F3-A2E9-EC2BE240FEC0}.Debug|Win32.Build.0 = Debug|Win32
		{2FB0643D-DF6C-42F3-A2E9-EC2BE240FEC0}.Debug|x64.ActiveCfg = Debug|x64
		{2FB0643D-DF6C-42F3-A2E9-EC2BE240FEC0}.Debug|x64.Build.0 = Debug|x64
		{2FB0643D-DF6C-42F3-A2E9-EC2BE240FEC0}.Debug-Unicode|Win32.ActiveCfg = Debug-Unicode|Win32
		{2FB0643D-DF6C-42F3-A2E9-EC2BE240FEC0}.Debug-Unicode|Win32.Build.0 = Debug-Unicode|Win32
		{2FB0643D-DF6C-42F3-A2E9-EC2BE240FEC0}.Debug-Unicode|x64.ActiveCfg = Debug-Unicode|x64
		{2FB0643D-DF6C-42F3-A2E9-EC2BE240FEC0}.Debug-Unicode|x64.Build.0 = Debug-Unicode|x64
		{2FB0643D-DF6C-42F3-A2E9-EC2BE240FEC0}.Debug-Unicode-3|Win32.ActiveCfg = Debug-Unicode-3|Win32
		{2FB0643D-DF6C-42F3-A2E9-EC2BE240FEC0}.Debug-Unicode-3|Win32.Build.0 = Debug-Unicode-3|Win32
		{2FB0643D-DF6C-42F3-A2E9-EC2BE240FEC0}.Debug-Unicode-3|x64.ActiveCfg = Debug-Unicode-3|x64
		{2FB0643D-DF6C-42F3-A2E9-EC2BE240FEC0}.Debug-Unicode-3|x64.Build.0 = Debug-Unicode-3|x64
		{2FB0643D-DF6C-42F3-A2E9-EC2BE240FEC0}.Release|Win32.ActiveCfg = Release|Win32
		{2FB0643D-DF6C-42F3-A2E9-EC2BE240FEC0}.Release|Win32.Build.0 = Release|Win32
		{2FB0643D-DF6C-42F3-A2E9-EC2BE240FEC0}.Release|x64.ActiveCfg = Release|x64
		{2FB0643D-DF6C-42F3-A2E9-EC2BE240FEC0}.Release|x64.Build.0 = Release|x64
		{2FB0643D-DF6C-42F3-A2E9-EC2BE240FEC0}.Release-Unicode|Win32.ActiveCfg = Release-Unicode|Win32
		{2FB0643D-DF6C-42F3-A2E9-EC2BE240FEC0}.Release-Unicode|Win32.Build.0 = Release-Unicode|Win32
		{2FB0643D-DF6C-42F3-A2E9-EC2BE240FEC0}.Release-Unicode|x64.ActiveCfg = Release-Unicode|x64
		{2FB0643D-DF6C-42F3-A2E9-EC2BE240FEC0}.Release-Unicode|x64.Build.0 = Release-Unicode|x64
		{2FB0643D-DF6C-42F3-A2E9-EC2BE240FEC0}.Release-Unicode-3|Win32.ActiveCfg = Release-Unicode-3|Win32
		{2FB0643D-DF6C-42F3-A2E9-EC2BE240FEC0}.Release-Unicode-3|Win32.Build.0 = Release-Unicode-3|Win32
		{2FB0643D-DF6C-42F3-A2E9-EC2BE240FEC0}.Release-Unicode-3|x64.ActiveCfg = Release-Unicode-3|x64
		{2FB0643D-DF6C-42F3-A2E9-EC2BE240FEC0}.Release-Unicode-3|x64.Build.0 = Release-Unicode-3|x64
		{03F029A2-9B80-44FA-94B8-62C21A7C2BE5}.Debug|Win32.ActiveCfg = Debug|Win32
		{03F029A2-9B80-44FA-94B8-62C21A7C2BE5}.Debug|Win32.Build.0 = Debug|Win32
		{03F029A2-9B80-44FA-94B8-62C21A7C2BE5}.Debug|x64.ActiveCfg = Debug|x64
		{03F029A2-9B80-44FA-94B8-62C21A7C2BE5}.Debug|x64.Build.0 = Debug|x64
		{03F029A2-9B80-44FA-94B8-62C21A7C2BE5}.Debug-Unicode|Win32.ActiveCfg = Debug-Unicode|Win32
		{03F029A2-9B80-44FA-94B8-62C21A7C2BE5}.Debug-Unicode|Win32.Build.0 = Debug-Unicode|Win32
		{03F029A2-9B80-44FA-94B8-62C21A7C2BE5}.Debug-Unicode|x64.ActiveCfg = Debug-Unicode|x64
		{03F029A2-9B80-44FA-94B8-62C21A7C2BE5}.Debug-Unicode|x64.Build.0 = Debug-Unicode|x64
		{03F029A2-9B80-44FA-94B8-62C21A7C2BE5}.Debug-Unicode-3|Win32.ActiveCfg = Debug-Unicode-3|Win32
		{03F029A2-9B80-44FA-94B8-62C21A7C2BE5}.Debug-Unicode-3|Win32.Build.0 = Debug-Unicode-3|Win32
		{03F029A2-9B80-44FA-94B8-62C21A7C2BE5}.Debug-Unicode-3|x64.ActiveCfg = Debug-Unicode-3|x64
		{03F029A2-9B80-44FA-94B8-62C21A7C2BE5}.Debug-Unicode-3|x64.Build.0 = Debug-Unicode-3|x64
		{03F029A2-9B80-44FA-94B8-62C21A7C2BE5}.Release|Win32.ActiveCfg = Release|Win32
		{03F029A2-9B80-44FA-94B8-62C21A7C2BE5}.Release|Win32.Build.0 = Release|Win32
		{03F029A2-9B80-44FA-94B8-62C21A7C2BE5}.Release|x64.ActiveCfg = Release|x64
		{03F029A2-9B80-44FA-94B8-62C21A7C2BE5}.Release|x64.Build.0 = Release|x64
		{03F029A2-9B80-44FA-94B8-62C21A7C2BE5}.Release-Unicode|Win32.ActiveCfg = Release-Unicode|Win32
		{03F029A2-9B80-44FA-94B8-62C21A7C2BE5}.Release-Unicode|Win32.Build.0 = Release-Unicode|Win32
		{03F029A2-9B80-44FA-94B8-62C21A7C2BE5}.Release-Unicode|x64.ActiveCfg = Release-Unicode|x64
		{03F029A2-9B80-44FA-94B8-62C21A7C2BE5}.Release-Unicode|x64.Build.0 = Release-Unicode|x64
		{03F029A2-9B80-44FA-94B8-62C21A7C2BE5}.Release-Unicode-3|Win32.ActiveCfg = Release-Unicode-3|Win32
		{03F029A2-9B80-44FA-94B8-62C21A7C2BE5}.Release-Unicode-3|Win32.Build.0 = Release-Unicode-3|Win32
		{03F029A2-9B80-44FA-94B8-62C21A7C2BE5}.Release-Unicode-3|x64.ActiveCfg = Release-Unicode-3|x64
		{03F029A2-9B80-44FA-94B8-62C21A7C2BE5}.Release-Unicode-3|x64.Build.0 = Release-Unicode-3|x64
		{3BEAA8E4-28FA-44F7-8F8B-23A916D7D3E2}.Debug|Win32.ActiveCfg = Debug|Win32
		{3BEAA8E4-28FA-44F7-8F8B-23A916D7D3E2}.Debug|Win32.Build.0 = Debug|Win32
		{3BEAA8E4-28FA-44F7-8F8B-23A916D7D3E2}.Debug|x64.ActiveCfg = Debug|x64
		{3BEAA8E4-28FA-44F7-8F8B-23A916D7D3E2}.Debug|x64.Build.0 = Debug|x64
		{3BEAA8E4-28FA-44F7-8F8B-23A916D7D3E2}.Debug-Unicode|Win32.ActiveCfg = Debug-Unicode|Win32
		{3BEAA8E4-28FA-44F7-8F8B-23A916D7D3E2}.Debug-Unicode|Win32.Build.0 = Debug-Unicode|Win32
		{3BEAA8E4-28FA-44F7-8F8B-23A916D7D3E2}.Debug-Unicode|x64.ActiveCfg = Debug-Unicode|x64
		{3BEAA8E4-28FA-44F7-8F8B-23A916D7D3E2}.Debug-Unicode|x64.Build.0 = Debug-Unicode|x64
		{3BEAA8E4-28FA-44F7-8F8B-23A916D7D3E2}.Debug-Unicode-3|Win32.ActiveCfg = Debug-Unicode-3|Win32
		{3BEAA8E4-28FA-44F7-8F8B-23A916D7D3E2}.Debug-Unicode-3|Win32.Build.0 = Debug-Unicode-3|Win32
		{3BEAA8E4-28FA-44F7-8F8B-23A916D7D3E2}.Debug-Unicode-3|x64.ActiveCfg = Debug-Unicode-3|x64
		{3BEAA8E4-28FA-44F7-8F8B-23A916D7D3E2}.Debug-Unicode-3|x64.Build.0 = Debug-Unicode-3|x64
		{3BEAA8E4-28FA-44F7-8F8B-23A916D7D3E2}.Release|Win32.ActiveCfg = Release|Win32
		{3BEAA8E4-28FA-44F7-8F8B-23A916D7D3E2}.Release|Win32.Build.0 = Release|Win32
		{3BEAA8E4-28FA-44F7-8F8B-23A916D7D3E2}.Release|x64.ActiveCfg = Release|x64
		{3BEAA8E4-28FA-44F7-8F8B-23A916D7D3E2}.Release|x64.Build.0 = Release|x64
		{3BEAA8E4-28FA-44F7-8F8B-23A916D7D3E2}.Release-Unicode|Win32.ActiveCfg = Release-Unicode|Win32
		{3BEAA8E4-28FA-44F7-8F8B-23A916D7D3E2}.Release-Unicode|Win32.Build.0 = Release-Unicode|Win32
		{3BEAA8E4-28FA-44F7-8F8B-23A916D7D3E2}.Release-Unicode|x64.ActiveCfg = Release-Unicode|x64
		{3BEAA8E4-28FA-44F7-8F8B-23A916D7D3E2}.Release-Unicode|x64.Build.0 = Release-Unicode|x64
		{3BEAA8E4-28FA-44F7-8F8B-23A916D7D3E2}.Release-Unicode-3|Win32.ActiveCfg = Release-Unicode-3|Win32
		{3BEAA8E4-28FA-44F7-8F8B-23A916D7D3E2}.Release-Unicode-3|Win32.Build.0 = Release-Unicode-3|Win32
		{3BEAA8E4-28FA-44F7-8F8B-23A916D7D3E2}.Release-Unicode-3|x64.ActiveCfg = Release-Unicode-3|x64
		{3BEAA8E4-28FA-44F7-8F8B-23A916D7D3E2}.Release-Unicode-3|x64.Build.0 = Release-Unicode-3|x64
		{4E67EBA5-E9FA-425A-AC99-B744F879F042}.Debug|Win32.ActiveCfg = Debug|Win32
		{4E67EBA5-E9FA-425A-AC99-B744F879F042}.Debug|Win32.Build.0 = Debug|Win32
		{4E67EBA5-E9FA-425A-AC99-B744F879F042}.Debug|x64.ActiveCfg = Debug|x64
		{4E67EBA5-E9FA-425A-AC99-B744F879F042}.Debug|x64.Build.0 = Debug|x64
		{4E67EBA5-E9FA-425A-AC99-B744F879F042}.Debug-Unicode|Win32.ActiveCfg = Debug-Unicode|Win32
		{4E67EBA5-E9FA-425A-AC99-B744F879F042}.Debug-Unicode|Win32.Build.0 = Debug-Unicode|Win32
		{4E67EBA5-E9FA-425A-AC99-B744F879F042}.Debug-Unicode|x64.ActiveCfg = Debug-Unicode|x64
		{4E67EBA5-E9FA-425A-AC99-B744F879F042}.Debug-Unicode|x64.Build.0 = Debug-Unicode|x64
		{4E67EBA5-E9FA-425A-AC99-B744F879F042}.Debug-Unicode-3|Win32.ActiveCfg = Debug-Unicode-3|Win32
		{4E67EBA5-E9FA-425A-AC99-B744F879F042}.Debug-Unicode-3|Win32.Build.0 = Debug-Unicode-3|Win32
		{4E67EBA5-E9FA-425A-AC99-B744F879F042}.Debug-Unicode-3|x64.ActiveCfg = Debug-Unicode-3|x64
		{4E67EBA5-E9FA-425A-AC99-B744F879F042}.Debug-Unicode-3|x64.Build.0 = Debug-Unicode-3|x64
		{4E67EBA5-E9FA-425A-AC99-B744F879F042}.Release|Win32.ActiveCfg = Release|Win32
		{4E67EBA5-E9FA-425A-AC99-B744F879F042}.Release|Win32.Build.0 = Release|Win32
		{4E67EBA5-E9FA-425A-AC99-B744F879F042}.Release|x64.ActiveCfg = Release|x64
		{4E67EBA5-E9FA-425A-AC99-B744F879F042}.Release|x64.Build.0 = Release|x64
		{4E67EBA5-E9FA-425A-AC99-B744F879F042}.Release-Unicode|Win32.ActiveCfg = Release-Unicode|Win32
		{4E67EBA5-E9FA-425A-AC99-B744F879F042}.Release-Unicode|Win32.Build.0 = Release-Unicode|Win32
		{4E67EBA5-E9FA-425A-AC99-B744F879F042}.Release-Unicode|x64.ActiveCfg = Release-Unicode|x64
		{4E67EBA5-E9FA-425A-AC99-B744F879F042}.Release-Unicode|x64.Build.0 = Release-Unicode|x64
		{4E67EBA5-E9FA-425A-AC99-B744F879F042}.Release-Unicode-3|Win32.ActiveCfg = Release-Unicode-3|Win32
		{4E67EBA5-E9FA-425A-AC99-B744F879F042}.Release-Unicode-3|Win32.Build.0 = Release-Unicode-3|Win32
		{4E67EBA5-E9FA-425A-AC99-B744F879F042}.Release-Unicode-3|x64.ActiveCfg = Release-Unicode-3|x64
		{4E67EBA5-E9FA-425A-AC99-B744F879F042}.Release-Unicode-3|x64.Build.0 = Release-Unicode-3|x64
		{213E1C4D-556C-4D1F-AFA2-1938042920F0}.Debug|Win32.ActiveCfg = Debug|Win32
		{213E1C4D-556C-4D1F-AFA2-1938042920F0}.Debug|Win32.Build.0 = Debug|Win32
		{213E1C4D-556C-4D1F-AFA2-1938042920F0}.Debug|x64.ActiveCfg = Debug|x64
		{213E1C4D-556C-4D1F-AFA2-1938042920F0}.Debug|x64.Build.0 = Debug|x64
		{213E1C4D-556C-4D1F-AFA2-1938042920F0}.Debug-Unicode|Win32.ActiveCfg = Debug-Unicode|Win32
		{213E1C4D-556C-4D1F-AFA2-1938042920F0}.Debug-Unicode|Win32.Build.0 = Debug-Unicode|Win32
		{213E1C4D-556C-4D1F-AFA2-1938042920F0}.Debug-Unicode|x64.ActiveCfg = Debug-Unicode|x64
		{213E1C4D-556C-4D1F-AFA2-1938042920F0}.Debug-Unicode|x64.Build.0 = Debug-Unicode|x64
		{213E1C4D-556C-4D1F-AFA2-1938042920F0}.Debug-Unicode-3|Win32.ActiveCfg = Debug-Unicode-3|Win32
		{213E1C4D-556C-4D1F-AFA2-1938042920F0}.Debug-Unicode-3|Win32.Build.0 = Debug-Unicode-3|Win32
		{213E1C4D-556C-4D1F-AFA2-1938042920F0}.Debug-Unicode-3|x64.ActiveCfg = Debug-Unicode-3|x64
		{213E1C4D-556C-4D1F-AFA2-1938042920F0}.Debug-Unicode-3|x64.Build.0 = Debug-Unicode-3|x64
		{213E1C4D-556C-4D1F-AFA2-1938042920F0}.Release|Win32.ActiveCfg = Release|Win32
		{213E1C4D-556C-4D1F-AFA2-1938042920F0}.Release|Win32.Build.0 = Release|Win32
		{213E1C4D-556C-4D1F-AFA2-1938042920F0}.Release|x64.ActiveCfg = Release|x64
		{213E1C4D-556C-4D1F-AFA2-1938042920F0}.Release|x64.Build.0 = Release|x64
		{213E1C4D-556C-4D1F-AFA2-1938042920F0}.Release-Unicode|Win32.ActiveCfg = Release-Unicode|Win32
		{213E1C4D-556C-4D1F-AFA2-1938042920F0}.Release-Unicode|Win32.Build.0 = Release-Unicode|Win32
		{213E1C4D-556C-4D1F-AFA2-1938042920F0}.Release-Unicode|x64.ActiveCfg = Release-Unicode|x64
		{213E1C4D-556C-4D1F-AFA2-1938042920F0}.Release-Unicode|x64.Build.0 = Release-Unicode|x64
		{213E1C4D-556C-4D1F-AFA2-1938042920F0}.Release-Unicode-3|Win32.ActiveCfg = Release-Unicode-3|Win32
		{213E1C4D-556C-4D1F-AFA2-1938042920F0}.Release-Unicode-3|Win32.Build.0 = Release-Unicode-3|Win32
		{213E1C4D-556C-4D1F-AFA2-1938042920F0}.Release-Unicode-3|x64.ActiveCfg = Release-Unicode-3|x64
		{213E1C4D-556C-4D1F-AFA2-1938042920F0}.Release-Unicode-3|x64.Build.0 = Release-Unicode-3|x64
		{AD0C1EE1-93C7-460C-8E59-7E8CD0815811}.Debug|Win32.ActiveCfg = Debug|Win32
		{AD0C1EE1-93C7-460C-8E59-7E8CD0815811}.Debug|Win32.Build.0 = Debug|Win32
		{AD0C1EE1-93C7-460C-8E59-7E8CD0815811}.Debug|x64.ActiveCfg = Debug|x64
		{AD0C1EE1-93C7-460C-8E59-7E8CD0815811}.Debug|x64.Build.0 = Debug|x64
		{AD0C1EE1-93C7-460C-8E59-7E8CD0815811}.Debug-Unicode|Win32.ActiveCfg = Debug-Unicode|Win32
		{AD0C1EE1-93C7-460C-8E59-7E8CD0815811}.Debug-Unicode|Win32.Build.0 = Debug-Unicode|Win32
		{AD0C1EE1-93C7-460C-8E59-7E8CD0815811}.Debug-Unicode|x64.ActiveCfg = Debug-Unicode|x64
		{AD0C1EE1-93C7-460C-8E59-7E8CD0815811}.Debug-Unicode|x64.Build.0 = Debug-Unicode|x64
		{AD0C1EE1-93C7-460C-8E59-7E8CD0815811}.Debug-Unicode-3|Win32.ActiveCfg = Debug-Unicode-3|Win32
		{AD0C1EE1-93C7-460C-8E59-7E8CD0815811}.Debug-Unicode-3|Win32.Build.0 = Debug-Unicode-3|Win32
		{AD0C1EE1-93C7-460C-8E59-7E8CD0815811}.Debug-Unicode-3|x64.ActiveCfg = Debug-Unicode-3|x64
		{AD0C1EE1-93C7-460C-8E59-7E8CD0815811}.Debug-Unicode-3|x64.Build.0 = Debug-Unicode-3|x64
		{AD0C1EE1-93C7-460C-8E59-7E8CD0815811}.Release|Win32.ActiveCfg = Release|Win32
		{AD0C1EE1-93C7-460C-8E59-7E8CD0815811}.Release|Win32.Build.0 = Release|Win32
		{AD0C1EE1-93C7-460C-8E59-7E8CD0815811}.Release|x64.ActiveCfg = Release|x64
		{AD0C1EE1-93C7-460C-8E59-7E8CD0815811}.Release|x64.Build.0 = Release|x64
		{AD0C1EE1-93C7-460C-8E59-7E8CD0815811}.Release-Unicode|Win32.ActiveCfg = Release-Unicode|Win32
		{AD0C1EE1-93C7-460C-8E59-7E8CD0815811}.Release-Unicode|Win32.Build.0 = Release-Unicode|Win32
		{AD0C1EE1-93C7-460C-8E59-7E8CD0815811}.Release-Unicode|x64.ActiveCfg = Release-Unicode|x64
		{AD0C1EE1-93C7-460C-8E59-7E8CD0815811}.Release-Unicode|x64.Build.0 = Release-Unicode|x64
		{AD0C1EE1-93C7-460C-8E59-7E8CD0815811}.Release-Unicode-3|Win32.ActiveCfg = Release-Unicode-3|Win32
		{AD0C1EE1-93C7-460C-8E59-7E8CD0815811}.Release-Unicode-3|Win32.Build.0 = Release-Unicode-3|Win32
		{AD0C1EE1-93C7-460C-8E59-7E8CD0815811}.Release-Unicode-3|x64.ActiveCfg = Release-Unicode-3|x64
		{AD0C1EE1-93C7-460C-8E59-7E8CD0815811}.Release-Unicode-3|x64.Build.0 = Release-Unicode-3|x64
		{555114AC-E256-45EC-AC1C-1FA4F182DD40}.Debug|Win32.ActiveCfg = Debug|Win32
		{555114AC-E256-45EC-AC1C-1FA4F182DD40}.Debug|Win32.Build.0 = Debug|Win32
		{555114AC-E256-45EC-AC1C-1FA4F182DD40}.Debug|x64.ActiveCfg = Debug|x64
		{555114AC-E256-45EC-AC1C-1FA4F182DD40}.Debug|x64.Build.0 = Debug|x64
		{555114AC-E256-45EC-AC1C-1FA4F182DD40}.Debug-Unicode|Win32.ActiveCfg = Debug-Unicode|Win32
		{555114AC-E256-45EC-AC1C-1FA4F182DD40}.Debug-Unicode|Win32.Build.0 = Debug-Unicode|Win32
		{555114AC-E256-45EC-AC1C-1FA4F182DD40}.Debug-Unicode|x64.ActiveCfg = Debug-Unicode|x64
		{555114AC-E256-45EC-AC1C-1FA4F182DD40}.Debug-Unicode|x64.Build.0 = Debug-Unicode|x64
		{555114AC-E256-45EC-AC1C-1FA4F182DD40}.Debug-Unicode-3|Win32.ActiveCfg = Debug-Unicode-3|Win32
		{555114AC-E256-45EC-AC1C-1FA4F182DD40}.Debug-Unicode-3|Win32.Build.0 = Debug-Unicode-3|Win32
		{555114AC-E256-45EC-AC1C-1FA4F182DD40}.Debug-Unicode-3|x64.ActiveCfg = Debug-Unicode-3|x64
		{555114AC-E256-45EC-AC1C-1FA4F182DD40}.Debug-Unicode-3|x64.Build.0 = Debug-Unicode-3|x64
		{555114AC-E256-45EC-AC1C-1FA4F182DD40}.Release|Win32.ActiveCfg = Release|Win32
		{555114AC-E256-45EC-AC1C-1FA4F182DD40}.Release|Win32.Build.0 = Release|Win32
		{555114AC-E256-45EC-AC1C-1FA4F182DD40}.Release|x64.ActiveCfg = Release|x64
		{555114AC-E256-45EC-AC1C-1FA4F182DD40}.Release|x64.Build.0 = Release|x64
		{555114AC-E256-45EC-AC1C-1FA4F182DD40}.Release-Unicode|Win32.ActiveCfg = Release-Unicode|Win32
		{555114AC-E256-45EC-AC1C-1FA4F182DD40}.Release-Unicode|Win32.Build.0 = Release-Unicode|Win32
		{555114AC-E256-45EC-AC1C-1FA4F182DD40}.Release-Unicode|x64.ActiveCfg = Release-Unicode|x64
		{555114AC-E256-45EC-AC1C-1FA4F182DD40}.Release-Unicode|x64.Build.0 = Release-Unicode|x64
		{555114AC-E256-45EC-AC1C-1FA4F182DD40}.Release-Unicode-3|Win32.ActiveCfg = Release-Unicode-3|Win32
		{555114AC-E256-45EC-AC1C-1FA4F182DD40}.Release-Unicode-3|Win32.Build.0 = Release-Unicode-3|Win32
		{555114AC-E256-45EC-AC1C-1FA4F182DD40}.Release-Unicode-3|x64.ActiveCfg = Release-Unicode-3|x64
		{555114AC-E256-45EC-AC1C-1FA4F182DD40}.Release-Unicode-3|x64.Build.0 = Release-Unicode-3|x64
	EndGlobalSection
	GlobalSection(SolutionProperties) = preSolution
		HideSolutionNode = FALSE
	EndGlobalSection
EndGlobal
