
Microsoft Visual Studio Solution File, Format Version 10.00
# Visual Studio 2008
Project("{8BC9CEB8-8B4A-11D0-8D11-00A0C91BC942}") = "Observer", "plugin\Observer.vcproj", "{90D22C76-F23A-45E6-94D6-49817CBA1447}"
EndProject
Project("{8BC9CEB8-8B4A-11D0-8D11-00A0C91BC942}") = "msi", "modules\msi\msi.vcproj", "{3937AB54-7C07-4279-BE26-58425236EB48}"
EndProject
Project("{8BC9CEB8-8B4A-11D0-8D11-00A0C91BC942}") = "isoimg", "modules\isoimg\isoimg.vcproj", "{F9EF9CC9-0329-4259-81B4-6D2C53F5EF0D}"
EndProject
Project("{8BC9CEB8-8B4A-11D0-8D11-00A0C91BC942}") = "udfimg", "modules\udfimg\udfimg.vcproj", "{96527F42-7B17-4CA2-AC00-979E2226DB2A}"
EndProject
Project("{8BC9CEB8-8B4A-11D0-8D11-00A0C91BC942}") = "nsis", "modules\nsis\nsis.vcproj", "{F17F7FAA-E693-4EF7-98FF-F1E674A25F89}"
EndProject
Project("{8BC9CEB8-8B4A-11D0-8D11-00A0C91BC942}") = "vp", "modules\vp\vp.vcproj", "{41C7BE9F-2CF1-4212-A82D-4296A1A7B3DB}"
EndProject
Project("{8BC9CEB8-8B4A-11D0-8D11-00A0C91BC942}") = "x23cat", "modules\x23cat\x23cat.vcproj", "{9C0CA064-296B-42B7-909A-F8E2806A93A0}"
	ProjectSection(ProjectDependencies) = postProject
		{C50A5BD9-34C8-4050-AD28-784AEC221B1E} = {C50A5BD9-34C8-4050-AD28-784AEC221B1E}
	EndProjectSection
EndProject
Project("{8BC9CEB8-8B4A-11D0-8D11-00A0C91BC942}") = "mpq", "modules\mpq\mpq.vcproj", "{AB8168E2-2568-4046-BC2B-1001AF4AF78F}"
EndProject
Project("{8BC9CEB8-8B4A-11D0-8D11-00A0C91BC942}") = "wise", "modules\wise\wise.vcproj", "{FBD3F0D6-F516-436C-990A-9125D49D71C5}"
	ProjectSection(ProjectDependencies) = postProject
		{C50A5BD9-34C8-4050-AD28-784AEC221B1E} = {C50A5BD9-34C8-4050-AD28-784AEC221B1E}
	EndProjectSection
EndProject
Project("{8BC9CEB8-8B4A-11D0-8D11-00A0C91BC942}") = "vise", "modules\vise\vise.vcproj", "{582D8EBB-0A8B-41C9-A9D2-F90D7591E2EA}"
EndProject
Project("{8BC9CEB8-8B4A-11D0-8D11-00A0C91BC942}") = "mime", "modules\mime\mime.vcproj", "{AD3FC3DA-8CDB-42D6-97FB-F99D5B073D52}"
EndProject
Project("{8BC9CEB8-8B4A-11D0-8D11-00A0C91BC942}") = "pst", "modules\pst\pst.vcproj", "{8080F13B-9628-4106-8A08-6DCEE05B3EC2}"
EndProject
Project("{8BC9CEB8-8B4A-11D0-8D11-00A0C91BC942}") = "zlib1", "depends\zlib\zlib1.vcproj", "{C50A5BD9-34C8-4050-AD28-784AEC221B1E}"
EndProject
Project("{8BC9CEB8-8B4A-11D0-8D11-00A0C91BC942}") = "relic", "modules\relic\relic.vcproj", "{EA198D3B-AC42-4AB0-BE17-0F0BB94CA785}"
	ProjectSection(ProjectDependencies) = postProject
		{C50A5BD9-34C8-4050-AD28-784AEC221B1E} = {C50A5BD9-34C8-4050-AD28-784AEC221B1E}
	EndProjectSection
EndProject
Global
	GlobalSection(SolutionConfigurationPlatforms) = preSolution
		Debug|Win32 = Debug|Win32
		Debug|x64 = Debug|x64
		Debug-Unicode|Win32 = Debug-Unicode|Win32
		Debug-Unicode|x64 = Debug-Unicode|x64
		Release|Win32 = Release|Win32
		Release|x64 = Release|x64
		Release-MD|Win32 = Release-MD|Win32
		Release-MD|x64 = Release-MD|x64
		Release-Unicode|Win32 = Release-Unicode|Win32
		Release-Unicode|x64 = Release-Unicode|x64
	EndGlobalSection
	GlobalSection(ProjectConfigurationPlatforms) = postSolution
		{90D22C76-F23A-45E6-94D6-49817CBA1447}.Debug|Win32.ActiveCfg = Debug|Win32
		{90D22C76-F23A-45E6-94D6-49817CBA1447}.Debug|Win32.Build.0 = Debug|Win32
		{90D22C76-F23A-45E6-94D6-49817CBA1447}.Debug|x64.ActiveCfg = Debug|x64
		{90D22C76-F23A-45E6-94D6-49817CBA1447}.Debug|x64.Build.0 = Debug|x64
		{90D22C76-F23A-45E6-94D6-49817CBA1447}.Debug-Unicode|Win32.ActiveCfg = Debug-Unicode|Win32
		{90D22C76-F23A-45E6-94D6-49817CBA1447}.Debug-Unicode|Win32.Build.0 = Debug-Unicode|Win32
		{90D22C76-F23A-45E6-94D6-49817CBA1447}.Debug-Unicode|x64.ActiveCfg = Debug-Unicode|x64
		{90D22C76-F23A-45E6-94D6-49817CBA1447}.Debug-Unicode|x64.Build.0 = Debug-Unicode|x64
		{90D22C76-F23A-45E6-94D6-49817CBA1447}.Release|Win32.ActiveCfg = Release|Win32
		{90D22C76-F23A-45E6-94D6-49817CBA1447}.Release|Win32.Build.0 = Release|Win32
		{90D22C76-F23A-45E6-94D6-49817CBA1447}.Release|x64.ActiveCfg = Release|x64
		{90D22C76-F23A-45E6-94D6-49817CBA1447}.Release|x64.Build.0 = Release|x64
		{90D22C76-F23A-45E6-94D6-49817CBA1447}.Release-MD|Win32.ActiveCfg = Release-MD|Win32
		{90D22C76-F23A-45E6-94D6-49817CBA1447}.Release-MD|Win32.Build.0 = Release-MD|Win32
		{90D22C76-F23A-45E6-94D6-49817CBA1447}.Release-MD|x64.ActiveCfg = Release-MD|x64
		{90D22C76-F23A-45E6-94D6-49817CBA1447}.Release-MD|x64.Build.0 = Release-MD|x64
		{90D22C76-F23A-45E6-94D6-49817CBA1447}.Release-Unicode|Win32.ActiveCfg = Release-Unicode|Win32
		{90D22C76-F23A-45E6-94D6-49817CBA1447}.Release-Unicode|Win32.Build.0 = Release-Unicode|Win32
		{90D22C76-F23A-45E6-94D6-49817CBA1447}.Release-Unicode|x64.ActiveCfg = Release-Unicode|x64
		{90D22C76-F23A-45E6-94D6-49817CBA1447}.Release-Unicode|x64.Build.0 = Release-Unicode|x64
		{3937AB54-7C07-4279-BE26-58425236EB48}.Debug|Win32.ActiveCfg = Debug|Win32
		{3937AB54-7C07-4279-BE26-58425236EB48}.Debug|Win32.Build.0 = Debug|Win32
		{3937AB54-7C07-4279-BE26-58425236EB48}.Debug|x64.ActiveCfg = Debug|x64
		{3937AB54-7C07-4279-BE26-58425236EB48}.Debug|x64.Build.0 = Debug|x64
		{3937AB54-7C07-4279-BE26-58425236EB48}.Debug-Unicode|Win32.ActiveCfg = Debug-Unicode|Win32
		{3937AB54-7C07-4279-BE26-58425236EB48}.Debug-Unicode|Win32.Build.0 = Debug-Unicode|Win32
		{3937AB54-7C07-4279-BE26-58425236EB48}.Debug-Unicode|x64.ActiveCfg = Debug-Unicode|x64
		{3937AB54-7C07-4279-BE26-58425236EB48}.Debug-Unicode|x64.Build.0 = Debug-Unicode|x64
		{3937AB54-7C07-4279-BE26-58425236EB48}.Release|Win32.ActiveCfg = Release|Win32
		{3937AB54-7C07-4279-BE26-58425236EB48}.Release|Win32.Build.0 = Release|Win32
		{3937AB54-7C07-4279-BE26-58425236EB48}.Release|x64.ActiveCfg = Release|x64
		{3937AB54-7C07-4279-BE26-58425236EB48}.Release|x64.Build.0 = Release|x64
		{3937AB54-7C07-4279-BE26-58425236EB48}.Release-MD|Win32.ActiveCfg = Release-MD|Win32
		{3937AB54-7C07-4279-BE26-58425236EB48}.Release-MD|Win32.Build.0 = Release-MD|Win32
		{3937AB54-7C07-4279-BE26-58425236EB48}.Release-MD|x64.ActiveCfg = Release-MD|x64
		{3937AB54-7C07-4279-BE26-58425236EB48}.Release-MD|x64.Build.0 = Release-MD|x64
		{3937AB54-7C07-4279-BE26-58425236EB48}.Release-Unicode|Win32.ActiveCfg = Release-Unicode|Win32
		{3937AB54-7C07-4279-BE26-58425236EB48}.Release-Unicode|Win32.Build.0 = Release-Unicode|Win32
		{3937AB54-7C07-4279-BE26-58425236EB48}.Release-Unicode|x64.ActiveCfg = Release-Unicode|x64
		{3937AB54-7C07-4279-BE26-58425236EB48}.Release-Unicode|x64.Build.0 = Release-Unicode|x64
		{F9EF9CC9-0329-4259-81B4-6D2C53F5EF0D}.Debug|Win32.ActiveCfg = Debug|Win32
		{F9EF9CC9-0329-4259-81B4-6D2C53F5EF0D}.Debug|Win32.Build.0 = Debug|Win32
		{F9EF9CC9-0329-4259-81B4-6D2C53F5EF0D}.Debug|x64.ActiveCfg = Debug|x64
		{F9EF9CC9-0329-4259-81B4-6D2C53F5EF0D}.Debug|x64.Build.0 = Debug|x64
		{F9EF9CC9-0329-4259-81B4-6D2C53F5EF0D}.Debug-Unicode|Win32.ActiveCfg = Debug-Unicode|Win32
		{F9EF9CC9-0329-4259-81B4-6D2C53F5EF0D}.Debug-Unicode|Win32.Build.0 = Debug-Unicode|Win32
		{F9EF9CC9-0329-4259-81B4-6D2C53F5EF0D}.Debug-Unicode|x64.ActiveCfg = Debug-Unicode|x64
		{F9EF9CC9-0329-4259-81B4-6D2C53F5EF0D}.Debug-Unicode|x64.Build.0 = Debug-Unicode|x64
		{F9EF9CC9-0329-4259-81B4-6D2C53F5EF0D}.Release|Win32.ActiveCfg = Release|Win32
		{F9EF9CC9-0329-4259-81B4-6D2C53F5EF0D}.Release|Win32.Build.0 = Release|Win32
		{F9EF9CC9-0329-4259-81B4-6D2C53F5EF0D}.Release|x64.ActiveCfg = Release|x64
		{F9EF9CC9-0329-4259-81B4-6D2C53F5EF0D}.Release|x64.Build.0 = Release|x64
		{F9EF9CC9-0329-4259-81B4-6D2C53F5EF0D}.Release-MD|Win32.ActiveCfg = Release-MD|Win32
		{F9EF9CC9-0329-4259-81B4-6D2C53F5EF0D}.Release-MD|Win32.Build.0 = Release-MD|Win32
		{F9EF9CC9-0329-4259-81B4-6D2C53F5EF0D}.Release-MD|x64.ActiveCfg = Release-MD|x64
		{F9EF9CC9-0329-4259-81B4-6D2C53F5EF0D}.Release-MD|x64.Build.0 = Release-MD|x64
		{F9EF9CC9-0329-4259-81B4-6D2C53F5EF0D}.Release-Unicode|Win32.ActiveCfg = Release-Unicode|Win32
		{F9EF9CC9-0329-4259-81B4-6D2C53F5EF0D}.Release-Unicode|Win32.Build.0 = Release-Unicode|Win32
		{F9EF9CC9-0329-4259-81B4-6D2C53F5EF0D}.Release-Unicode|x64.ActiveCfg = Release-Unicode|x64
		{F9EF9CC9-0329-4259-81B4-6D2C53F5EF0D}.Release-Unicode|x64.Build.0 = Release-Unicode|x64
		{96527F42-7B17-4CA2-AC00-979E2226DB2A}.Debug|Win32.ActiveCfg = Debug|Win32
		{96527F42-7B17-4CA2-AC00-979E2226DB2A}.Debug|Win32.Build.0 = Debug|Win32
		{96527F42-7B17-4CA2-AC00-979E2226DB2A}.Debug|x64.ActiveCfg = Debug|x64
		{96527F42-7B17-4CA2-AC00-979E2226DB2A}.Debug|x64.Build.0 = Debug|x64
		{96527F42-7B17-4CA2-AC00-979E2226DB2A}.Debug-Unicode|Win32.ActiveCfg = Debug-Unicode|Win32
		{96527F42-7B17-4CA2-AC00-979E2226DB2A}.Debug-Unicode|Win32.Build.0 = Debug-Unicode|Win32
		{96527F42-7B17-4CA2-AC00-979E2226DB2A}.Debug-Unicode|x64.ActiveCfg = Debug-Unicode|x64
		{96527F42-7B17-4CA2-AC00-979E2226DB2A}.Debug-Unicode|x64.Build.0 = Debug-Unicode|x64
		{96527F42-7B17-4CA2-AC00-979E2226DB2A}.Release|Win32.ActiveCfg = Release|Win32
		{96527F42-7B17-4CA2-AC00-979E2226DB2A}.Release|Win32.Build.0 = Release|Win32
		{96527F42-7B17-4CA2-AC00-979E2226DB2A}.Release|x64.ActiveCfg = Release|x64
		{96527F42-7B17-4CA2-AC00-979E2226DB2A}.Release|x64.Build.0 = Release|x64
		{96527F42-7B17-4CA2-AC00-979E2226DB2A}.Release-MD|Win32.ActiveCfg = Release-MD|Win32
		{96527F42-7B17-4CA2-AC00-979E2226DB2A}.Release-MD|Win32.Build.0 = Release-MD|Win32
		{96527F42-7B17-4CA2-AC00-979E2226DB2A}.Release-MD|x64.ActiveCfg = Release-MD|x64
		{96527F42-7B17-4CA2-AC00-979E2226DB2A}.Release-MD|x64.Build.0 = Release-MD|x64
		{96527F42-7B17-4CA2-AC00-979E2226DB2A}.Release-Unicode|Win32.ActiveCfg = Release-Unicode|Win32
		{96527F42-7B17-4CA2-AC00-979E2226DB2A}.Release-Unicode|Win32.Build.0 = Release-Unicode|Win32
		{96527F42-7B17-4CA2-AC00-979E2226DB2A}.Release-Unicode|x64.ActiveCfg = Release-Unicode|x64
		{96527F42-7B17-4CA2-AC00-979E2226DB2A}.Release-Unicode|x64.Build.0 = Release-Unicode|x64
		{F17F7FAA-E693-4EF7-98FF-F1E674A25F89}.Debug|Win32.ActiveCfg = Debug|Win32
		{F17F7FAA-E693-4EF7-98FF-F1E674A25F89}.Debug|Win32.Build.0 = Debug|Win32
		{F17F7FAA-E693-4EF7-98FF-F1E674A25F89}.Debug|x64.ActiveCfg = Debug|x64
		{F17F7FAA-E693-4EF7-98FF-F1E674A25F89}.Debug|x64.Build.0 = Debug|x64
		{F17F7FAA-E693-4EF7-98FF-F1E674A25F89}.Debug-Unicode|Win32.ActiveCfg = Debug-Unicode|Win32
		{F17F7FAA-E693-4EF7-98FF-F1E674A25F89}.Debug-Unicode|Win32.Build.0 = Debug-Unicode|Win32
		{F17F7FAA-E693-4EF7-98FF-F1E674A25F89}.Debug-Unicode|x64.ActiveCfg = Debug-Unicode|x64
		{F17F7FAA-E693-4EF7-98FF-F1E674A25F89}.Debug-Unicode|x64.Build.0 = Debug-Unicode|x64
		{F17F7FAA-E693-4EF7-98FF-F1E674A25F89}.Release|Win32.ActiveCfg = Release|Win32
		{F17F7FAA-E693-4EF7-98FF-F1E674A25F89}.Release|Win32.Build.0 = Release|Win32
		{F17F7FAA-E693-4EF7-98FF-F1E674A25F89}.Release|x64.ActiveCfg = Release|x64
		{F17F7FAA-E693-4EF7-98FF-F1E674A25F89}.Release|x64.Build.0 = Release|x64
		{F17F7FAA-E693-4EF7-98FF-F1E674A25F89}.Release-MD|Win32.ActiveCfg = Release-MD|Win32
		{F17F7FAA-E693-4EF7-98FF-F1E674A25F89}.Release-MD|Win32.Build.0 = Release-MD|Win32
		{F17F7FAA-E693-4EF7-98FF-F1E674A25F89}.Release-MD|x64.ActiveCfg = Release-MD|x64
		{F17F7FAA-E693-4EF7-98FF-F1E674A25F89}.Release-MD|x64.Build.0 = Release-MD|x64
		{F17F7FAA-E693-4EF7-98FF-F1E674A25F89}.Release-Unicode|Win32.ActiveCfg = Release-Unicode|Win32
		{F17F7FAA-E693-4EF7-98FF-F1E674A25F89}.Release-Unicode|Win32.Build.0 = Release-Unicode|Win32
		{F17F7FAA-E693-4EF7-98FF-F1E674A25F89}.Release-Unicode|x64.ActiveCfg = Release-Unicode|x64
		{F17F7FAA-E693-4EF7-98FF-F1E674A25F89}.Release-Unicode|x64.Build.0 = Release-Unicode|x64
		{41C7BE9F-2CF1-4212-A82D-4296A1A7B3DB}.Debug|Win32.ActiveCfg = Debug|Win32
		{41C7BE9F-2CF1-4212-A82D-4296A1A7B3DB}.Debug|Win32.Build.0 = Debug|Win32
		{41C7BE9F-2CF1-4212-A82D-4296A1A7B3DB}.Debug|x64.ActiveCfg = Debug|x64
		{41C7BE9F-2CF1-4212-A82D-4296A1A7B3DB}.Debug|x64.Build.0 = Debug|x64
		{41C7BE9F-2CF1-4212-A82D-4296A1A7B3DB}.Debug-Unicode|Win32.ActiveCfg = Debug-Unicode|Win32
		{41C7BE9F-2CF1-4212-A82D-4296A1A7B3DB}.Debug-Unicode|Win32.Build.0 = Debug-Unicode|Win32
		{41C7BE9F-2CF1-4212-A82D-4296A1A7B3DB}.Debug-Unicode|x64.ActiveCfg = Debug-Unicode|x64
		{41C7BE9F-2CF1-4212-A82D-4296A1A7B3DB}.Debug-Unicode|x64.Build.0 = Debug-Unicode|x64
		{41C7BE9F-2CF1-4212-A82D-4296A1A7B3DB}.Release|Win32.ActiveCfg = Release|Win32
		{41C7BE9F-2CF1-4212-A82D-4296A1A7B3DB}.Release|Win32.Build.0 = Release|Win32
		{41C7BE9F-2CF1-4212-A82D-4296A1A7B3DB}.Release|x64.ActiveCfg = Release|x64
		{41C7BE9F-2CF1-4212-A82D-4296A1A7B3DB}.Release|x64.Build.0 = Release|x64
		{41C7BE9F-2CF1-4212-A82D-4296A1A7B3DB}.Release-MD|Win32.ActiveCfg = Release-MD|Win32
		{41C7BE9F-2CF1-4212-A82D-4296A1A7B3DB}.Release-MD|Win32.Build.0 = Release-MD|Win32
		{41C7BE9F-2CF1-4212-A82D-4296A1A7B3DB}.Release-MD|x64.ActiveCfg = Release-MD|x64
		{41C7BE9F-2CF1-4212-A82D-4296A1A7B3DB}.Release-MD|x64.Build.0 = Release-MD|x64
		{41C7BE9F-2CF1-4212-A82D-4296A1A7B3DB}.Release-Unicode|Win32.ActiveCfg = Release-Unicode|Win32
		{41C7BE9F-2CF1-4212-A82D-4296A1A7B3DB}.Release-Unicode|Win32.Build.0 = Release-Unicode|Win32
		{41C7BE9F-2CF1-4212-A82D-4296A1A7B3DB}.Release-Unicode|x64.ActiveCfg = Release-Unicode|x64
		{41C7BE9F-2CF1-4212-A82D-4296A1A7B3DB}.Release-Unicode|x64.Build.0 = Release-Unicode|x64
		{9C0CA064-296B-42B7-909A-F8E2806A93A0}.Debug|Win32.ActiveCfg = Debug|Win32
		{9C0CA064-296B-42B7-909A-F8E2806A93A0}.Debug|Win32.Build.0 = Debug|Win32
		{9C0CA064-296B-42B7-909A-F8E2806A93A0}.Debug|x64.ActiveCfg = Debug|x64
		{9C0CA064-296B-42B7-909A-F8E2806A93A0}.Debug|x64.Build.0 = Debug|x64
		{9C0CA064-296B-42B7-909A-F8E2806A93A0}.Debug-Unicode|Win32.ActiveCfg = Debug-Unicode|Win32
		{9C0CA064-296B-42B7-909A-F8E2806A93A0}.Debug-Unicode|Win32.Build.0 = Debug-Unicode|Win32
		{9C0CA064-296B-42B7-909A-F8E2806A93A0}.Debug-Unicode|x64.ActiveCfg = Debug-Unicode|x64
		{9C0CA064-296B-42B7-909A-F8E2806A93A0}.Debug-Unicode|x64.Build.0 = Debug-Unicode|x64
		{9C0CA064-296B-42B7-909A-F8E2806A93A0}.Release|Win32.ActiveCfg = Release|Win32
		{9C0CA064-296B-42B7-909A-F8E2806A93A0}.Release|Win32.Build.0 = Release|Win32
		{9C0CA064-296B-42B7-909A-F8E2806A93A0}.Release|x64.ActiveCfg = Release|x64
		{9C0CA064-296B-42B7-909A-F8E2806A93A0}.Release|x64.Build.0 = Release|x64
		{9C0CA064-296B-42B7-909A-F8E2806A93A0}.Release-MD|Win32.ActiveCfg = Release-MD|Win32
		{9C0CA064-296B-42B7-909A-F8E2806A93A0}.Release-MD|Win32.Build.0 = Release-MD|Win32
		{9C0CA064-296B-42B7-909A-F8E2806A93A0}.Release-MD|x64.ActiveCfg = Release-MD|x64
		{9C0CA064-296B-42B7-909A-F8E2806A93A0}.Release-MD|x64.Build.0 = Release-MD|x64
		{9C0CA064-296B-42B7-909A-F8E2806A93A0}.Release-Unicode|Win32.ActiveCfg = Release-Unicode|Win32
		{9C0CA064-296B-42B7-909A-F8E2806A93A0}.Release-Unicode|Win32.Build.0 = Release-Unicode|Win32
		{9C0CA064-296B-42B7-909A-F8E2806A93A0}.Release-Unicode|x64.ActiveCfg = Release-Unicode|x64
		{9C0CA064-296B-42B7-909A-F8E2806A93A0}.Release-Unicode|x64.Build.0 = Release-Unicode|x64
		{AB8168E2-2568-4046-BC2B-1001AF4AF78F}.Debug|Win32.ActiveCfg = Debug|Win32
		{AB8168E2-2568-4046-BC2B-1001AF4AF78F}.Debug|Win32.Build.0 = Debug|Win32
		{AB8168E2-2568-4046-BC2B-1001AF4AF78F}.Debug|x64.ActiveCfg = Debug|x64
		{AB8168E2-2568-4046-BC2B-1001AF4AF78F}.Debug|x64.Build.0 = Debug|x64
		{AB8168E2-2568-4046-BC2B-1001AF4AF78F}.Debug-Unicode|Win32.ActiveCfg = Debug-Unicode|Win32
		{AB8168E2-2568-4046-BC2B-1001AF4AF78F}.Debug-Unicode|Win32.Build.0 = Debug-Unicode|Win32
		{AB8168E2-2568-4046-BC2B-1001AF4AF78F}.Debug-Unicode|x64.ActiveCfg = Debug-Unicode|x64
		{AB8168E2-2568-4046-BC2B-1001AF4AF78F}.Debug-Unicode|x64.Build.0 = Debug-Unicode|x64
		{AB8168E2-2568-4046-BC2B-1001AF4AF78F}.Release|Win32.ActiveCfg = Release|Win32
		{AB8168E2-2568-4046-BC2B-1001AF4AF78F}.Release|x64.ActiveCfg = Release|x64
		{AB8168E2-2568-4046-BC2B-1001AF4AF78F}.Release|x64.Build.0 = Release|x64
		{AB8168E2-2568-4046-BC2B-1001AF4AF78F}.Release-MD|Win32.ActiveCfg = Release-MD|Win32
		{AB8168E2-2568-4046-BC2B-1001AF4AF78F}.Release-MD|Win32.Build.0 = Release-MD|Win32
		{AB8168E2-2568-4046-BC2B-1001AF4AF78F}.Release-MD|x64.ActiveCfg = Release-MD|x64
		{AB8168E2-2568-4046-BC2B-1001AF4AF78F}.Release-MD|x64.Build.0 = Release-MD|x64
		{AB8168E2-2568-4046-BC2B-1001AF4AF78F}.Release-Unicode|Win32.ActiveCfg = Release-Unicode|Win32
		{AB8168E2-2568-4046-BC2B-1001AF4AF78F}.Release-Unicode|x64.ActiveCfg = Release-Unicode|x64
		{FBD3F0D6-F516-436C-990A-9125D49D71C5}.Debug|Win32.ActiveCfg = Debug|Win32
		{FBD3F0D6-F516-436C-990A-9125D49D71C5}.Debug|Win32.Build.0 = Debug|Win32
		{FBD3F0D6-F516-436C-990A-9125D49D71C5}.Debug|x64.ActiveCfg = Debug|x64
		{FBD3F0D6-F516-436C-990A-9125D49D71C5}.Debug|x64.Build.0 = Debug|x64
		{FBD3F0D6-F516-436C-990A-9125D49D71C5}.Debug-Unicode|Win32.ActiveCfg = Debug-Unicode|Win32
		{FBD3F0D6-F516-436C-990A-9125D49D71C5}.Debug-Unicode|Win32.Build.0 = Debug-Unicode|Win32
		{FBD3F0D6-F516-436C-990A-9125D49D71C5}.Debug-Unicode|x64.ActiveCfg = Debug-Unicode|x64
		{FBD3F0D6-F516-436C-990A-9125D49D71C5}.Debug-Unicode|x64.Build.0 = Debug-Unicode|x64
		{FBD3F0D6-F516-436C-990A-9125D49D71C5}.Release|Win32.ActiveCfg = Release|Win32
		{FBD3F0D6-F516-436C-990A-9125D49D71C5}.Release|x64.ActiveCfg = Release|x64
		{FBD3F0D6-F516-436C-990A-9125D49D71C5}.Release|x64.Build.0 = Release|x64
		{FBD3F0D6-F516-436C-990A-9125D49D71C5}.Release-MD|Win32.ActiveCfg = Release-MD|Win32
		{FBD3F0D6-F516-436C-990A-9125D49D71C5}.Release-MD|Win32.Build.0 = Release-MD|Win32
		{FBD3F0D6-F516-436C-990A-9125D49D71C5}.Release-MD|x64.ActiveCfg = Release-MD|x64
		{FBD3F0D6-F516-436C-990A-9125D49D71C5}.Release-MD|x64.Build.0 = Release-MD|x64
		{FBD3F0D6-F516-436C-990A-9125D49D71C5}.Release-Unicode|Win32.ActiveCfg = Release-Unicode|Win32
		{FBD3F0D6-F516-436C-990A-9125D49D71C5}.Release-Unicode|Win32.Build.0 = Release-Unicode|Win32
		{FBD3F0D6-F516-436C-990A-9125D49D71C5}.Release-Unicode|x64.ActiveCfg = Release-Unicode|x64
		{FBD3F0D6-F516-436C-990A-9125D49D71C5}.Release-Unicode|x64.Build.0 = Release-Unicode|x64
		{582D8EBB-0A8B-41C9-A9D2-F90D7591E2EA}.Debug|Win32.ActiveCfg = Debug|Win32
		{582D8EBB-0A8B-41C9-A9D2-F90D7591E2EA}.Debug|Win32.Build.0 = Debug|Win32
		{582D8EBB-0A8B-41C9-A9D2-F90D7591E2EA}.Debug|x64.ActiveCfg = Debug|x64
		{582D8EBB-0A8B-41C9-A9D2-F90D7591E2EA}.Debug|x64.Build.0 = Debug|x64
		{582D8EBB-0A8B-41C9-A9D2-F90D7591E2EA}.Debug-Unicode|Win32.ActiveCfg = Debug-Unicode|Win32
		{582D8EBB-0A8B-41C9-A9D2-F90D7591E2EA}.Debug-Unicode|Win32.Build.0 = Debug-Unicode|Win32
		{582D8EBB-0A8B-41C9-A9D2-F90D7591E2EA}.Debug-Unicode|x64.ActiveCfg = Debug-Unicode|x64
		{582D8EBB-0A8B-41C9-A9D2-F90D7591E2EA}.Debug-Unicode|x64.Build.0 = Debug-Unicode|x64
		{582D8EBB-0A8B-41C9-A9D2-F90D7591E2EA}.Release|Win32.ActiveCfg = Release|Win32
		{582D8EBB-0A8B-41C9-A9D2-F90D7591E2EA}.Release|x64.ActiveCfg = Release|x64
		{582D8EBB-0A8B-41C9-A9D2-F90D7591E2EA}.Release|x64.Build.0 = Release|x64
		{582D8EBB-0A8B-41C9-A9D2-F90D7591E2EA}.Release-MD|Win32.ActiveCfg = Release-MD|Win32
		{582D8EBB-0A8B-41C9-A9D2-F90D7591E2EA}.Release-MD|Win32.Build.0 = Release-MD|Win32
		{582D8EBB-0A8B-41C9-A9D2-F90D7591E2EA}.Release-MD|x64.ActiveCfg = Release-MD|x64
		{582D8EBB-0A8B-41C9-A9D2-F90D7591E2EA}.Release-MD|x64.Build.0 = Release-MD|x64
		{582D8EBB-0A8B-41C9-A9D2-F90D7591E2EA}.Release-Unicode|Win32.ActiveCfg = Release-Unicode|Win32
		{582D8EBB-0A8B-41C9-A9D2-F90D7591E2EA}.Release-Unicode|x64.ActiveCfg = Release-Unicode|x64
		{AD3FC3DA-8CDB-42D6-97FB-F99D5B073D52}.Debug|Win32.ActiveCfg = Debug|Win32
		{AD3FC3DA-8CDB-42D6-97FB-F99D5B073D52}.Debug|Win32.Build.0 = Debug|Win32
		{AD3FC3DA-8CDB-42D6-97FB-F99D5B073D52}.Debug|x64.ActiveCfg = Debug|x64
		{AD3FC3DA-8CDB-42D6-97FB-F99D5B073D52}.Debug|x64.Build.0 = Debug|x64
		{AD3FC3DA-8CDB-42D6-97FB-F99D5B073D52}.Debug-Unicode|Win32.ActiveCfg = Debug-Unicode|Win32
		{AD3FC3DA-8CDB-42D6-97FB-F99D5B073D52}.Debug-Unicode|Win32.Build.0 = Debug-Unicode|Win32
		{AD3FC3DA-8CDB-42D6-97FB-F99D5B073D52}.Debug-Unicode|x64.ActiveCfg = Debug-Unicode|x64
		{AD3FC3DA-8CDB-42D6-97FB-F99D5B073D52}.Debug-Unicode|x64.Build.0 = Debug-Unicode|x64
		{AD3FC3DA-8CDB-42D6-97FB-F99D5B073D52}.Release|Win32.ActiveCfg = Release|Win32
		{AD3FC3DA-8CDB-42D6-97FB-F99D5B073D52}.Release|Win32.Build.0 = Release|Win32
		{AD3FC3DA-8CDB-42D6-97FB-F99D5B073D52}.Release|x64.ActiveCfg = Release|x64
		{AD3FC3DA-8CDB-42D6-97FB-F99D5B073D52}.Release|x64.Build.0 = Release|x64
		{AD3FC3DA-8CDB-42D6-97FB-F99D5B073D52}.Release-MD|Win32.ActiveCfg = Release-MD|Win32
		{AD3FC3DA-8CDB-42D6-97FB-F99D5B073D52}.Release-MD|Win32.Build.0 = Release-MD|Win32
		{AD3FC3DA-8CDB-42D6-97FB-F99D5B073D52}.Release-MD|x64.ActiveCfg = Release-MD|x64
		{AD3FC3DA-8CDB-42D6-97FB-F99D5B073D52}.Release-MD|x64.Build.0 = Release-MD|x64
		{AD3FC3DA-8CDB-42D6-97FB-F99D5B073D52}.Release-Unicode|Win32.ActiveCfg = Release-Unicode|Win32
		{AD3FC3DA-8CDB-42D6-97FB-F99D5B073D52}.Release-Unicode|Win32.Build.0 = Release-Unicode|Win32
		{AD3FC3DA-8CDB-42D6-97FB-F99D5B073D52}.Release-Unicode|x64.ActiveCfg = Release-Unicode|x64
		{AD3FC3DA-8CDB-42D6-97FB-F99D5B073D52}.Release-Unicode|x64.Build.0 = Release-Unicode|x64
		{8080F13B-9628-4106-8A08-6DCEE05B3EC2}.Debug|Win32.ActiveCfg = Debug|Win32
		{8080F13B-9628-4106-8A08-6DCEE05B3EC2}.Debug|Win32.Build.0 = Debug|Win32
		{8080F13B-9628-4106-8A08-6DCEE05B3EC2}.Debug|x64.ActiveCfg = Debug|x64
		{8080F13B-9628-4106-8A08-6DCEE05B3EC2}.Debug|x64.Build.0 = Debug|x64
		{8080F13B-9628-4106-8A08-6DCEE05B3EC2}.Debug-Unicode|Win32.ActiveCfg = Debug-Unicode|Win32
		{8080F13B-9628-4106-8A08-6DCEE05B3EC2}.Debug-Unicode|Win32.Build.0 = Debug-Unicode|Win32
		{8080F13B-9628-4106-8A08-6DCEE05B3EC2}.Debug-Unicode|x64.ActiveCfg = Debug-Unicode|x64
		{8080F13B-9628-4106-8A08-6DCEE05B3EC2}.Debug-Unicode|x64.Build.0 = Debug-Unicode|x64
		{8080F13B-9628-4106-8A08-6DCEE05B3EC2}.Release|Win32.ActiveCfg = Release|Win32
		{8080F13B-9628-4106-8A08-6DCEE05B3EC2}.Release|Win32.Build.0 = Release|Win32
		{8080F13B-9628-4106-8A08-6DCEE05B3EC2}.Release|x64.ActiveCfg = Release|x64
		{8080F13B-9628-4106-8A08-6DCEE05B3EC2}.Release|x64.Build.0 = Release|x64
		{8080F13B-9628-4106-8A08-6DCEE05B3EC2}.Release-MD|Win32.ActiveCfg = Release-MD|Win32
		{8080F13B-9628-4106-8A08-6DCEE05B3EC2}.Release-MD|Win32.Build.0 = Release-MD|Win32
		{8080F13B-9628-4106-8A08-6DCEE05B3EC2}.Release-MD|x64.ActiveCfg = Release-MD|x64
		{8080F13B-9628-4106-8A08-6DCEE05B3EC2}.Release-MD|x64.Build.0 = Release-MD|x64
		{8080F13B-9628-4106-8A08-6DCEE05B3EC2}.Release-Unicode|Win32.ActiveCfg = Release-Unicode|Win32
		{8080F13B-9628-4106-8A08-6DCEE05B3EC2}.Release-Unicode|Win32.Build.0 = Release-Unicode|Win32
		{8080F13B-9628-4106-8A08-6DCEE05B3EC2}.Release-Unicode|x64.ActiveCfg = Release-Unicode|x64
		{8080F13B-9628-4106-8A08-6DCEE05B3EC2}.Release-Unicode|x64.Build.0 = Release-Unicode|x64
		{C50A5BD9-34C8-4050-AD28-784AEC221B1E}.Debug|Win32.ActiveCfg = Debug|Win32
		{C50A5BD9-34C8-4050-AD28-784AEC221B1E}.Debug|Win32.Build.0 = Debug|Win32
		{C50A5BD9-34C8-4050-AD28-784AEC221B1E}.Debug|x64.ActiveCfg = Debug|x64
		{C50A5BD9-34C8-4050-AD28-784AEC221B1E}.Debug|x64.Build.0 = Debug|x64
		{C50A5BD9-34C8-4050-AD28-784AEC221B1E}.Debug-Unicode|Win32.ActiveCfg = Debug-Unicode|Win32
		{C50A5BD9-34C8-4050-AD28-784AEC221B1E}.Debug-Unicode|Win32.Build.0 = Debug-Unicode|Win32
		{C50A5BD9-34C8-4050-AD28-784AEC221B1E}.Debug-Unicode|x64.ActiveCfg = Debug-Unicode|x64
		{C50A5BD9-34C8-4050-AD28-784AEC221B1E}.Debug-Unicode|x64.Build.0 = Debug-Unicode|x64
		{C50A5BD9-34C8-4050-AD28-784AEC221B1E}.Release|Win32.ActiveCfg = Release|Win32
		{C50A5BD9-34C8-4050-AD28-784AEC221B1E}.Release|Win32.Build.0 = Release|Win32
		{C50A5BD9-34C8-4050-AD28-784AEC221B1E}.Release|x64.ActiveCfg = Release|x64
		{C50A5BD9-34C8-4050-AD28-784AEC221B1E}.Release|x64.Build.0 = Release|x64
		{C50A5BD9-34C8-4050-AD28-784AEC221B1E}.Release-MD|Win32.ActiveCfg = Release-MD|Win32
		{C50A5BD9-34C8-4050-AD28-784AEC221B1E}.Release-MD|Win32.Build.0 = Release-MD|Win32
		{C50A5BD9-34C8-4050-AD28-784AEC221B1E}.Release-MD|x64.ActiveCfg = Release-MD|x64
		{C50A5BD9-34C8-4050-AD28-784AEC221B1E}.Release-MD|x64.Build.0 = Release-MD|x64
		{C50A5BD9-34C8-4050-AD28-784AEC221B1E}.Release-Unicode|Win32.ActiveCfg = Release-Unicode|Win32
		{C50A5BD9-34C8-4050-AD28-784AEC221B1E}.Release-Unicode|Win32.Build.0 = Release-Unicode|Win32
		{C50A5BD9-34C8-4050-AD28-784AEC221B1E}.Release-Unicode|x64.ActiveCfg = Release-Unicode|x64
		{C50A5BD9-34C8-4050-AD28-784AEC221B1E}.Release-Unicode|x64.Build.0 = Release-Unicode|x64
		{EA198D3B-AC42-4AB0-BE17-0F0BB94CA785}.Debug|Win32.ActiveCfg = Debug|Win32
		{EA198D3B-AC42-4AB0-BE17-0F0BB94CA785}.Debug|Win32.Build.0 = Debug|Win32
		{EA198D3B-AC42-4AB0-BE17-0F0BB94CA785}.Debug|x64.ActiveCfg = Debug|x64
		{EA198D3B-AC42-4AB0-BE17-0F0BB94CA785}.Debug|x64.Build.0 = Debug|x64
		{EA198D3B-AC42-4AB0-BE17-0F0BB94CA785}.Debug-Unicode|Win32.ActiveCfg = Debug-Unicode|Win32
		{EA198D3B-AC42-4AB0-BE17-0F0BB94CA785}.Debug-Unicode|Win32.Build.0 = Debug-Unicode|Win32
		{EA198D3B-AC42-4AB0-BE17-0F0BB94CA785}.Debug-Unicode|x64.ActiveCfg = Debug-Unicode|x64
		{EA198D3B-AC42-4AB0-BE17-0F0BB94CA785}.Debug-Unicode|x64.Build.0 = Debug-Unicode|x64
		{EA198D3B-AC42-4AB0-BE17-0F0BB94CA785}.Release|Win32.ActiveCfg = Release|Win32
		{EA198D3B-AC42-4AB0-BE17-0F0BB94CA785}.Release|Win32.Build.0 = Release|Win32
		{EA198D3B-AC42-4AB0-BE17-0F0BB94CA785}.Release|x64.ActiveCfg = Release|x64
		{EA198D3B-AC42-4AB0-BE17-0F0BB94CA785}.Release|x64.Build.0 = Release|x64
		{EA198D3B-AC42-4AB0-BE17-0F0BB94CA785}.Release-MD|Win32.ActiveCfg = Release-MD|Win32
		{EA198D3B-AC42-4AB0-BE17-0F0BB94CA785}.Release-MD|Win32.Build.0 = Release-MD|Win32
		{EA198D3B-AC42-4AB0-BE17-0F0BB94CA785}.Release-MD|x64.ActiveCfg = Release-MD|x64
		{EA198D3B-AC42-4AB0-BE17-0F0BB94CA785}.Release-MD|x64.Build.0 = Release-MD|x64
		{EA198D3B-AC42-4AB0-BE17-0F0BB94CA785}.Release-Unicode|Win32.ActiveCfg = Release-Unicode|Win32
		{EA198D3B-AC42-4AB0-BE17-0F0BB94CA785}.Release-Unicode|Win32.Build.0 = Release-Unicode|Win32
		{EA198D3B-AC42-4AB0-BE17-0F0BB94CA785}.Release-Unicode|x64.ActiveCfg = Release-Unicode|x64
		{EA198D3B-AC42-4AB0-BE17-0F0BB94CA785}.Release-Unicode|x64.Build.0 = Release-Unicode|x64
	EndGlobalSection
	GlobalSection(SolutionProperties) = preSolution
		HideSolutionNode = FALSE
	EndGlobalSection
EndGlobal
